PODS:
  - AIFlatSwitch (1.0.1)
  - Alamofire (4.4.0)
  - Bugsnag (5.8.0):
    - KSCrash/RecordingAdvanced (= 1.8.13)
  - CryptoSwift (0.6.8)
  - DATAStack (6.1.2)
  - JSONWebToken (2.1.1):
    - CryptoSwift (~> 0.6.1)
  - KSCrash/Recording (1.8.13)
  - KSCrash/RecordingAdvanced (1.8.13):
    - KSCrash/Recording
  - MockUIAlertController (2.0.1)
  - QRCodeReader.swift (7.3.0)
  - StringScore_Swift (0.1.1)
  - SVProgressHUD (2.1.2)
  - Sync (2.6.3):
    - DATAStack (~> 6.1.2)
    - SYNCPropertyMapper (~> 5.2.0)
  - SYNCPropertyMapper (5.2.0)

DEPENDENCIES:
  - AIFlatSwitch (~> 1.0.1)
  - Alamofire (~> 4.4)
  - Bugsnag (from `https://github.com/bugsnag/bugsnag-cocoa.git`)
  - DATAStack (~> 6)
  - JSONWebToken (from `https://github.com/kylef/JSONWebToken.swift.git`, branch `master`)
  - MockUIAlertController (~> 2.0)
  - QRCodeReader.swift (~> 7.3.0)
  - StringScore_Swift (from `https://github.com/yichizhang/StringScore_Swift.git`)
  - SVProgressHUD (~> 2.1.2)
  - Sync (~> 2)

EXTERNAL SOURCES:
  Bugsnag:
    :git: https://github.com/bugsnag/bugsnag-cocoa.git
  JSONWebToken:
    :branch: master
    :git: https://github.com/kylef/JSONWebToken.swift.git
  StringScore_Swift:
    :git: https://github.com/yichizhang/StringScore_Swift.git

CHECKOUT OPTIONS:
  Bugsnag:
    :commit: 67b693902da7a31652ab617c30ddc55065ffdefd
    :git: https://github.com/bugsnag/bugsnag-cocoa.git
  JSONWebToken:
    :commit: 7cb91b9533c735e9d1325ea66be8795fae6e0a74
    :git: https://github.com/kylef/JSONWebToken.swift.git
  StringScore_Swift:
    :commit: 83abf26b6d7e30b8e00dcc1b336770b77b64886f
    :git: https://github.com/yichizhang/StringScore_Swift.git

SPEC CHECKSUMS:
  AIFlatSwitch: 5b121a4a90a06f0fbd72e9f1fe9bb30e64d67177
  Alamofire: dc44b1600b800eb63da6a19039a0083d62a6a62d
  Bugsnag: 2ddbf21cb69e04f49ef79d9db6429e9b668bc876
  CryptoSwift: f21ea03ed3a94e79d241648ce26652cd4810508a
  DATAStack: a45fc144e15193f1b22c26b507cc46655ce96a71
  JSONWebToken: a57a50fccad2078bd56ee4e038e4540a21e34ba3
  KSCrash: 4c3a83f133b60f4bd57e05235ebf8d46e36d378d
  MockUIAlertController: 0221fb64142c95be6e2f485d0e220d226b99433c
  QRCodeReader.swift: d7e190d49818948aa030704cfb26283f1f32fb0a
  StringScore_Swift: 821102bf4b5253725ee1b418b4fe5d21547a2a0f
  SVProgressHUD: c404a55d78acbeb7ebb78b76d3faf986475a6994
  Sync: a41b41cf61625676d3fe66efc09daf25b1548d9d
  SYNCPropertyMapper: b3157f5183285c8a25ba23877b95a06ec2547e73

PODFILE CHECKSUM: 70255a0225f85e0972fdd65a1e6a4c528c3b0714

COCOAPODS: 1.2.1.beta.1
