// !$*UTF8*$!
{
	archiveVersion = 1;
	classes = {
	};
	objectVersion = 46;
	objects = {

/* Begin PBXBuildFile section */
		3A975D4F1CFCC42200E400B3 /* AppDelegate.swift in Sources */ = {isa = PBXBuildFile; fileRef = 3A975D4E1CFCC42200E400B3 /* AppDelegate.swift */; };
		3A975D541CFCC42200E400B3 /* Main.storyboard in Resources */ = {isa = PBXBuildFile; fileRef = 3A975D521CFCC42200E400B3 /* Main.storyboard */; };
		3A975D571CFCC42200E400B3 /* Listio.xcdatamodeld in Sources */ = {isa = PBXBuildFile; fileRef = 3A975D551CFCC42200E400B3 /* Listio.xcdatamodeld */; };
		3A975D591CFCC42200E400B3 /* Assets.xcassets in Resources */ = {isa = PBXBuildFile; fileRef = 3A975D581CFCC42200E400B3 /* Assets.xcassets */; };
		3A975D5C1CFCC42200E400B3 /* LaunchScreen.storyboard in Resources */ = {isa = PBXBuildFile; fileRef = 3A975D5A1CFCC42200E400B3 /* LaunchScreen.storyboard */; };
		3A975D671CFCC42200E400B3 /* ListioTests.swift in Sources */ = {isa = PBXBuildFile; fileRef = 3A975D661CFCC42200E400B3 /* ListioTests.swift */; };
		3A9D646F1D026839002369A4 /* FirstViewController.swift in Sources */ = {isa = PBXBuildFile; fileRef = 3A9D646E1D026839002369A4 /* FirstViewController.swift */; };
		3A9D64711D027082002369A4 /* Extensions.swift in Sources */ = {isa = PBXBuildFile; fileRef = 3A9D64701D027082002369A4 /* Extensions.swift */; };
		3AC80ADB1D0517CD00066489 /* Group+CoreDataProperties.swift in Sources */ = {isa = PBXBuildFile; fileRef = 3AC80AD91D0517CD00066489 /* Group+CoreDataProperties.swift */; };
		3AC80ADC1D0517CD00066489 /* Group.swift in Sources */ = {isa = PBXBuildFile; fileRef = 3AC80ADA1D0517CD00066489 /* Group.swift */; };
		3AC80AE01D052BE700066489 /* GroupView.xib in Resources */ = {isa = PBXBuildFile; fileRef = 3AC80ADF1D052BE700066489 /* GroupView.xib */; };
		3AE1FB231D076878001A6914 /* ItemList+CoreDataProperties.swift in Sources */ = {isa = PBXBuildFile; fileRef = 3AE1FB211D076878001A6914 /* ItemList+CoreDataProperties.swift */; };
		3AE1FB241D076878001A6914 /* ItemList.swift in Sources */ = {isa = PBXBuildFile; fileRef = 3AE1FB221D076878001A6914 /* ItemList.swift */; };
		3AE1FB271D07710B001A6914 /* CoreDataHandler.swift in Sources */ = {isa = PBXBuildFile; fileRef = 3AE1FB261D07710B001A6914 /* CoreDataHandler.swift */; };
		3AE1FB2A1D07B71E001A6914 /* DocumentUiTableViewCell.swift in Sources */ = {isa = PBXBuildFile; fileRef = 3AE1FB291D07B71E001A6914 /* DocumentUiTableViewCell.swift */; };
		3AE233311CFE112E00656969 /* CoreDataTableViewController.swift in Sources */ = {isa = PBXBuildFile; fileRef = 3AE2332F1CFE112E00656969 /* CoreDataTableViewController.swift */; };
		3AE233321CFE112E00656969 /* ProtocolCoreDataTableViewController.swift in Sources */ = {isa = PBXBuildFile; fileRef = 3AE233301CFE112E00656969 /* ProtocolCoreDataTableViewController.swift */; };
		3AE233341CFE11B000656969 /* MainViewController.swift in Sources */ = {isa = PBXBuildFile; fileRef = 3AE233331CFE11B000656969 /* MainViewController.swift */; };
		3AE233361CFE179300656969 /* FPHandlesMOC.swift in Sources */ = {isa = PBXBuildFile; fileRef = 3AE233351CFE179300656969 /* FPHandlesMOC.swift */; };
		3AE2333B1CFE1A5C00656969 /* Document+CoreDataProperties.swift in Sources */ = {isa = PBXBuildFile; fileRef = 3AE233371CFE1A5C00656969 /* Document+CoreDataProperties.swift */; };
		3AE2333C1CFE1A5C00656969 /* Document.swift in Sources */ = {isa = PBXBuildFile; fileRef = 3AE233381CFE1A5C00656969 /* Document.swift */; };
		3AE2333D1CFE1A5C00656969 /* Item+CoreDataProperties.swift in Sources */ = {isa = PBXBuildFile; fileRef = 3AE233391CFE1A5C00656969 /* Item+CoreDataProperties.swift */; };
		3AE2333E1CFE1A5C00656969 /* Item.swift in Sources */ = {isa = PBXBuildFile; fileRef = 3AE2333A1CFE1A5C00656969 /* Item.swift */; };
		3AE233401CFE21D400656969 /* NavigationViewController.swift in Sources */ = {isa = PBXBuildFile; fileRef = 3AE2333F1CFE21D400656969 /* NavigationViewController.swift */; };
		3AE233421CFE830E00656969 /* DetailViewController.swift in Sources */ = {isa = PBXBuildFile; fileRef = 3AE233411CFE830E00656969 /* DetailViewController.swift */; };
		3AE233441CFE8B5100656969 /* InteligenceCore.swift in Sources */ = {isa = PBXBuildFile; fileRef = 3AE233431CFE8B5100656969 /* InteligenceCore.swift */; };
		5B464A2445D1B85C24F1DA72 /* Pods_ListioTests.framework in Frameworks */ = {isa = PBXBuildFile; fileRef = 7B987EDBADA40A2F097A138A /* Pods_ListioTests.framework */; };
		9AB22A2345837A811E0BAC7F /* Pods_Listio.framework in Frameworks */ = {isa = PBXBuildFile; fileRef = 9CF4629242986C9AF99538BC /* Pods_Listio.framework */; };
/* End PBXBuildFile section */

/* Begin PBXContainerItemProxy section */
		3A975D631CFCC42200E400B3 /* PBXContainerItemProxy */ = {
			isa = PBXContainerItemProxy;
			containerPortal = 3A975D431CFCC42200E400B3 /* Project object */;
			proxyType = 1;
			remoteGlobalIDString = 3A975D4A1CFCC42200E400B3;
			remoteInfo = Listio;
		};
/* End PBXContainerItemProxy section */

/* Begin PBXFileReference section */
		0E2DF3DB0D439582130AD6D3 /* Pods-ListioTests.debug.xcconfig */ = {isa = PBXFileReference; includeInIndex = 1; lastKnownFileType = text.xcconfig; name = "Pods-ListioTests.debug.xcconfig"; path = "Pods/Target Support Files/Pods-ListioTests/Pods-ListioTests.debug.xcconfig"; sourceTree = "<group>"; };
		3A975D4B1CFCC42200E400B3 /* Listio.app */ = {isa = PBXFileReference; explicitFileType = wrapper.application; includeInIndex = 0; path = Listio.app; sourceTree = BUILT_PRODUCTS_DIR; };
		3A975D4E1CFCC42200E400B3 /* AppDelegate.swift */ = {isa = PBXFileReference; lastKnownFileType = sourcecode.swift; path = AppDelegate.swift; sourceTree = "<group>"; };
		3A975D531CFCC42200E400B3 /* Base */ = {isa = PBXFileReference; lastKnownFileType = file.storyboard; name = Base; path = Base.lproj/Main.storyboard; sourceTree = "<group>"; };
		3A975D561CFCC42200E400B3 /* Listio.xcdatamodel */ = {isa = PBXFileReference; lastKnownFileType = wrapper.xcdatamodel; path = Listio.xcdatamodel; sourceTree = "<group>"; };
		3A975D581CFCC42200E400B3 /* Assets.xcassets */ = {isa = PBXFileReference; lastKnownFileType = folder.assetcatalog; path = Assets.xcassets; sourceTree = "<group>"; };
		3A975D5B1CFCC42200E400B3 /* Base */ = {isa = PBXFileReference; lastKnownFileType = file.storyboard; name = Base; path = Base.lproj/LaunchScreen.storyboard; sourceTree = "<group>"; };
		3A975D5D1CFCC42200E400B3 /* Info.plist */ = {isa = PBXFileReference; lastKnownFileType = text.plist.xml; path = Info.plist; sourceTree = "<group>"; };
		3A975D621CFCC42200E400B3 /* ListioTests.xctest */ = {isa = PBXFileReference; explicitFileType = wrapper.cfbundle; includeInIndex = 0; path = ListioTests.xctest; sourceTree = BUILT_PRODUCTS_DIR; };
		3A975D661CFCC42200E400B3 /* ListioTests.swift */ = {isa = PBXFileReference; lastKnownFileType = sourcecode.swift; path = ListioTests.swift; sourceTree = "<group>"; };
		3A975D681CFCC42200E400B3 /* Info.plist */ = {isa = PBXFileReference; lastKnownFileType = text.plist.xml; path = Info.plist; sourceTree = "<group>"; };
		3A9D646E1D026839002369A4 /* FirstViewController.swift */ = {isa = PBXFileReference; fileEncoding = 4; lastKnownFileType = sourcecode.swift; path = FirstViewController.swift; sourceTree = "<group>"; };
		3A9D64701D027082002369A4 /* Extensions.swift */ = {isa = PBXFileReference; fileEncoding = 4; lastKnownFileType = sourcecode.swift; path = Extensions.swift; sourceTree = "<group>"; };
		3AC80AD91D0517CD00066489 /* Group+CoreDataProperties.swift */ = {isa = PBXFileReference; fileEncoding = 4; lastKnownFileType = sourcecode.swift; path = "Group+CoreDataProperties.swift"; sourceTree = "<group>"; };
		3AC80ADA1D0517CD00066489 /* Group.swift */ = {isa = PBXFileReference; fileEncoding = 4; lastKnownFileType = sourcecode.swift; path = Group.swift; sourceTree = "<group>"; };
		3AC80ADF1D052BE700066489 /* GroupView.xib */ = {isa = PBXFileReference; fileEncoding = 4; lastKnownFileType = file.xib; path = GroupView.xib; sourceTree = "<group>"; };
		3AE1FB211D076878001A6914 /* ItemList+CoreDataProperties.swift */ = {isa = PBXFileReference; fileEncoding = 4; lastKnownFileType = sourcecode.swift; path = "ItemList+CoreDataProperties.swift"; sourceTree = "<group>"; };
		3AE1FB221D076878001A6914 /* ItemList.swift */ = {isa = PBXFileReference; fileEncoding = 4; lastKnownFileType = sourcecode.swift; path = ItemList.swift; sourceTree = "<group>"; };
		3AE1FB261D07710B001A6914 /* CoreDataHandler.swift */ = {isa = PBXFileReference; fileEncoding = 4; lastKnownFileType = sourcecode.swift; path = CoreDataHandler.swift; sourceTree = "<group>"; };
		3AE1FB291D07B71E001A6914 /* DocumentUiTableViewCell.swift */ = {isa = PBXFileReference; fileEncoding = 4; lastKnownFileType = sourcecode.swift; path = DocumentUiTableViewCell.swift; sourceTree = "<group>"; };
		3AE2332F1CFE112E00656969 /* CoreDataTableViewController.swift */ = {isa = PBXFileReference; fileEncoding = 4; lastKnownFileType = sourcecode.swift; path = CoreDataTableViewController.swift; sourceTree = "<group>"; };
		3AE233301CFE112E00656969 /* ProtocolCoreDataTableViewController.swift */ = {isa = PBXFileReference; fileEncoding = 4; lastKnownFileType = sourcecode.swift; path = ProtocolCoreDataTableViewController.swift; sourceTree = "<group>"; };
		3AE233331CFE11B000656969 /* MainViewController.swift */ = {isa = PBXFileReference; fileEncoding = 4; lastKnownFileType = sourcecode.swift; path = MainViewController.swift; sourceTree = "<group>"; };
		3AE233351CFE179300656969 /* FPHandlesMOC.swift */ = {isa = PBXFileReference; fileEncoding = 4; lastKnownFileType = sourcecode.swift; path = FPHandlesMOC.swift; sourceTree = "<group>"; };
		3AE233371CFE1A5C00656969 /* Document+CoreDataProperties.swift */ = {isa = PBXFileReference; fileEncoding = 4; lastKnownFileType = sourcecode.swift; path = "Document+CoreDataProperties.swift"; sourceTree = "<group>"; };
		3AE233381CFE1A5C00656969 /* Document.swift */ = {isa = PBXFileReference; fileEncoding = 4; lastKnownFileType = sourcecode.swift; path = Document.swift; sourceTree = "<group>"; };
		3AE233391CFE1A5C00656969 /* Item+CoreDataProperties.swift */ = {isa = PBXFileReference; fileEncoding = 4; lastKnownFileType = sourcecode.swift; path = "Item+CoreDataProperties.swift"; sourceTree = "<group>"; };
		3AE2333A1CFE1A5C00656969 /* Item.swift */ = {isa = PBXFileReference; fileEncoding = 4; lastKnownFileType = sourcecode.swift; path = Item.swift; sourceTree = "<group>"; };
		3AE2333F1CFE21D400656969 /* NavigationViewController.swift */ = {isa = PBXFileReference; fileEncoding = 4; lastKnownFileType = sourcecode.swift; path = NavigationViewController.swift; sourceTree = "<group>"; };
		3AE233411CFE830E00656969 /* DetailViewController.swift */ = {isa = PBXFileReference; fileEncoding = 4; lastKnownFileType = sourcecode.swift; path = DetailViewController.swift; sourceTree = "<group>"; };
		3AE233431CFE8B5100656969 /* InteligenceCore.swift */ = {isa = PBXFileReference; fileEncoding = 4; lastKnownFileType = sourcecode.swift; path = InteligenceCore.swift; sourceTree = "<group>"; };
		4A6C6537EEC71D540BB2EF14 /* Pods-Listio.debug.xcconfig */ = {isa = PBXFileReference; includeInIndex = 1; lastKnownFileType = text.xcconfig; name = "Pods-Listio.debug.xcconfig"; path = "Pods/Target Support Files/Pods-Listio/Pods-Listio.debug.xcconfig"; sourceTree = "<group>"; };
		7B987EDBADA40A2F097A138A /* Pods_ListioTests.framework */ = {isa = PBXFileReference; explicitFileType = wrapper.framework; includeInIndex = 0; path = Pods_ListioTests.framework; sourceTree = BUILT_PRODUCTS_DIR; };
		9CF4629242986C9AF99538BC /* Pods_Listio.framework */ = {isa = PBXFileReference; explicitFileType = wrapper.framework; includeInIndex = 0; path = Pods_Listio.framework; sourceTree = BUILT_PRODUCTS_DIR; };
		CD3149109DC7E09012A4CE7A /* Pods-Listio.release.xcconfig */ = {isa = PBXFileReference; includeInIndex = 1; lastKnownFileType = text.xcconfig; name = "Pods-Listio.release.xcconfig"; path = "Pods/Target Support Files/Pods-Listio/Pods-Listio.release.xcconfig"; sourceTree = "<group>"; };
		E7958EC9A6C72BC956C80B47 /* Pods-ListioTests.release.xcconfig */ = {isa = PBXFileReference; includeInIndex = 1; lastKnownFileType = text.xcconfig; name = "Pods-ListioTests.release.xcconfig"; path = "Pods/Target Support Files/Pods-ListioTests/Pods-ListioTests.release.xcconfig"; sourceTree = "<group>"; };
/* End PBXFileReference section */

/* Begin PBXFrameworksBuildPhase section */
		3A975D481CFCC42200E400B3 /* Frameworks */ = {
			isa = PBXFrameworksBuildPhase;
			buildActionMask = 2147483647;
			files = (
				9AB22A2345837A811E0BAC7F /* Pods_Listio.framework in Frameworks */,
			);
			runOnlyForDeploymentPostprocessing = 0;
		};
		3A975D5F1CFCC42200E400B3 /* Frameworks */ = {
			isa = PBXFrameworksBuildPhase;
			buildActionMask = 2147483647;
			files = (
				5B464A2445D1B85C24F1DA72 /* Pods_ListioTests.framework in Frameworks */,
			);
			runOnlyForDeploymentPostprocessing = 0;
		};
/* End PBXFrameworksBuildPhase section */

/* Begin PBXGroup section */
		15C95A30BAB43DC031589F67 /* Frameworks */ = {
			isa = PBXGroup;
			children = (
				9CF4629242986C9AF99538BC /* Pods_Listio.framework */,
				7B987EDBADA40A2F097A138A /* Pods_ListioTests.framework */,
			);
			name = Frameworks;
			sourceTree = "<group>";
		};
		313DE185D2AA402359516525 /* Pods */ = {
			isa = PBXGroup;
			children = (
				4A6C6537EEC71D540BB2EF14 /* Pods-Listio.debug.xcconfig */,
				CD3149109DC7E09012A4CE7A /* Pods-Listio.release.xcconfig */,
				0E2DF3DB0D439582130AD6D3 /* Pods-ListioTests.debug.xcconfig */,
				E7958EC9A6C72BC956C80B47 /* Pods-ListioTests.release.xcconfig */,
			);
			name = Pods;
			sourceTree = "<group>";
		};
		3A975D421CFCC42200E400B3 = {
			isa = PBXGroup;
			children = (
				3A975D4D1CFCC42200E400B3 /* Listio */,
				3A975D651CFCC42200E400B3 /* ListioTests */,
				3A975D4C1CFCC42200E400B3 /* Products */,
				313DE185D2AA402359516525 /* Pods */,
				15C95A30BAB43DC031589F67 /* Frameworks */,
			);
			sourceTree = "<group>";
		};
		3A975D4C1CFCC42200E400B3 /* Products */ = {
			isa = PBXGroup;
			children = (
				3A975D4B1CFCC42200E400B3 /* Listio.app */,
				3A975D621CFCC42200E400B3 /* ListioTests.xctest */,
			);
			name = Products;
			sourceTree = "<group>";
		};
		3A975D4D1CFCC42200E400B3 /* Listio */ = {
			isa = PBXGroup;
			children = (
				3AE233461CFE9EC800656969 /* Controller */,
				3AE233451CFE9EBA00656969 /* Model */,
				3A975D4E1CFCC42200E400B3 /* AppDelegate.swift */,
				3AE233351CFE179300656969 /* FPHandlesMOC.swift */,
				3A975D521CFCC42200E400B3 /* Main.storyboard */,
				3AC80ADF1D052BE700066489 /* GroupView.xib */,
				3A975D581CFCC42200E400B3 /* Assets.xcassets */,
				3A975D5A1CFCC42200E400B3 /* LaunchScreen.storyboard */,
				3A975D5D1CFCC42200E400B3 /* Info.plist */,
				3A975D551CFCC42200E400B3 /* Listio.xcdatamodeld */,
				3A9D64701D027082002369A4 /* Extensions.swift */,
			);
			path = Listio;
			sourceTree = "<group>";
		};
		3A975D651CFCC42200E400B3 /* ListioTests */ = {
			isa = PBXGroup;
			children = (
				3A975D661CFCC42200E400B3 /* ListioTests.swift */,
				3A975D681CFCC42200E400B3 /* Info.plist */,
			);
			path = ListioTests;
			sourceTree = "<group>";
		};
		3AE1FB251D0770D3001A6914 /* Core Data Objects */ = {
			isa = PBXGroup;
			children = (
				3AE1FB211D076878001A6914 /* ItemList+CoreDataProperties.swift */,
				3AE1FB221D076878001A6914 /* ItemList.swift */,
				3AC80AD91D0517CD00066489 /* Group+CoreDataProperties.swift */,
				3AC80ADA1D0517CD00066489 /* Group.swift */,
				3AE233371CFE1A5C00656969 /* Document+CoreDataProperties.swift */,
				3AE233381CFE1A5C00656969 /* Document.swift */,
				3AE233391CFE1A5C00656969 /* Item+CoreDataProperties.swift */,
				3AE2333A1CFE1A5C00656969 /* Item.swift */,
			);
			name = "Core Data Objects";
			sourceTree = "<group>";
		};
		3AE1FB281D07B6F4001A6914 /* Cells */ = {
			isa = PBXGroup;
			children = (
				3AE1FB291D07B71E001A6914 /* DocumentUiTableViewCell.swift */,
			);
			name = Cells;
			sourceTree = "<group>";
		};
		3AE233451CFE9EBA00656969 /* Model */ = {
			isa = PBXGroup;
			children = (
				3AE1FB251D0770D3001A6914 /* Core Data Objects */,
				3AE233431CFE8B5100656969 /* InteligenceCore.swift */,
				3AE1FB261D07710B001A6914 /* CoreDataHandler.swift */,
			);
			name = Model;
			sourceTree = "<group>";
		};
		3AE233461CFE9EC800656969 /* Controller */ = {
			isa = PBXGroup;
			children = (
				3AE1FB281D07B6F4001A6914 /* Cells */,
				3AE2332F1CFE112E00656969 /* CoreDataTableViewController.swift */,
				3AE233301CFE112E00656969 /* ProtocolCoreDataTableViewController.swift */,
				3AE2333F1CFE21D400656969 /* NavigationViewController.swift */,
				3AE233411CFE830E00656969 /* DetailViewController.swift */,
				3AE233331CFE11B000656969 /* MainViewController.swift */,
				3A9D646E1D026839002369A4 /* FirstViewController.swift */,
			);
			name = Controller;
			sourceTree = "<group>";
		};
/* End PBXGroup section */

/* Begin PBXNativeTarget section */
		3A975D4A1CFCC42200E400B3 /* Listio */ = {
			isa = PBXNativeTarget;
			buildConfigurationList = 3A975D6B1CFCC42200E400B3 /* Build configuration list for PBXNativeTarget "Listio" */;
			buildPhases = (
				018AADA0AC5E3EFEAD329A15 /* Check Pods Manifest.lock */,
				3A975D471CFCC42200E400B3 /* Sources */,
				3A975D481CFCC42200E400B3 /* Frameworks */,
				3A975D491CFCC42200E400B3 /* Resources */,
				FBFF8ED63D9F7887B3DA9153 /* Embed Pods Frameworks */,
				4440AFB57BFF382BB0B42D9A /* Copy Pods Resources */,
			);
			buildRules = (
			);
			dependencies = (
			);
			name = Listio;
			productName = Listio;
			productReference = 3A975D4B1CFCC42200E400B3 /* Listio.app */;
			productType = "com.apple.product-type.application";
		};
		3A975D611CFCC42200E400B3 /* ListioTests */ = {
			isa = PBXNativeTarget;
			buildConfigurationList = 3A975D6E1CFCC42200E400B3 /* Build configuration list for PBXNativeTarget "ListioTests" */;
			buildPhases = (
				2D9A312CD5C3B7D67D03B6B7 /* Check Pods Manifest.lock */,
				3A975D5E1CFCC42200E400B3 /* Sources */,
				3A975D5F1CFCC42200E400B3 /* Frameworks */,
				3A975D601CFCC42200E400B3 /* Resources */,
				990F4FD3A261B0E89BC73D41 /* Embed Pods Frameworks */,
				C0DCA31E3E7E142ADC76C309 /* Copy Pods Resources */,
			);
			buildRules = (
			);
			dependencies = (
				3A975D641CFCC42200E400B3 /* PBXTargetDependency */,
			);
			name = ListioTests;
			productName = ListioTests;
			productReference = 3A975D621CFCC42200E400B3 /* ListioTests.xctest */;
			productType = "com.apple.product-type.bundle.unit-test";
		};
/* End PBXNativeTarget section */

/* Begin PBXProject section */
		3A975D431CFCC42200E400B3 /* Project object */ = {
			isa = PBXProject;
			attributes = {
				LastSwiftUpdateCheck = 0730;
				LastUpgradeCheck = 0730;
				ORGANIZATIONNAME = "Felipe Dias Pereira";
				TargetAttributes = {
					3A975D4A1CFCC42200E400B3 = {
						CreatedOnToolsVersion = 7.3;
					};
					3A975D611CFCC42200E400B3 = {
						CreatedOnToolsVersion = 7.3;
						TestTargetID = 3A975D4A1CFCC42200E400B3;
					};
				};
			};
			buildConfigurationList = 3A975D461CFCC42200E400B3 /* Build configuration list for PBXProject "Listio" */;
			compatibilityVersion = "Xcode 3.2";
			developmentRegion = English;
			hasScannedForEncodings = 0;
			knownRegions = (
				en,
				Base,
			);
			mainGroup = 3A975D421CFCC42200E400B3;
			productRefGroup = 3A975D4C1CFCC42200E400B3 /* Products */;
			projectDirPath = "";
			projectRoot = "";
			targets = (
				3A975D4A1CFCC42200E400B3 /* Listio */,
				3A975D611CFCC42200E400B3 /* ListioTests */,
			);
		};
/* End PBXProject section */

/* Begin PBXResourcesBuildPhase section */
		3A975D491CFCC42200E400B3 /* Resources */ = {
			isa = PBXResourcesBuildPhase;
			buildActionMask = 2147483647;
			files = (
				3A975D5C1CFCC42200E400B3 /* LaunchScreen.storyboard in Resources */,
				3A975D591CFCC42200E400B3 /* Assets.xcassets in Resources */,
				3AC80AE01D052BE700066489 /* GroupView.xib in Resources */,
				3A975D541CFCC42200E400B3 /* Main.storyboard in Resources */,
			);
			runOnlyForDeploymentPostprocessing = 0;
		};
		3A975D601CFCC42200E400B3 /* Resources */ = {
			isa = PBXResourcesBuildPhase;
			buildActionMask = 2147483647;
			files = (
			);
			runOnlyForDeploymentPostprocessing = 0;
		};
/* End PBXResourcesBuildPhase section */

/* Begin PBXShellScriptBuildPhase section */
		018AADA0AC5E3EFEAD329A15 /* Check Pods Manifest.lock */ = {
			isa = PBXShellScriptBuildPhase;
			buildActionMask = 2147483647;
			files = (
			);
			inputPaths = (
			);
			name = "Check Pods Manifest.lock";
			outputPaths = (
			);
			runOnlyForDeploymentPostprocessing = 0;
			shellPath = /bin/sh;
			shellScript = "diff \"${PODS_ROOT}/../Podfile.lock\" \"${PODS_ROOT}/Manifest.lock\" > /dev/null\nif [[ $? != 0 ]] ; then\n    cat << EOM\nerror: The sandbox is not in sync with the Podfile.lock. Run 'pod install' or update your CocoaPods installation.\nEOM\n    exit 1\nfi\n";
			showEnvVarsInLog = 0;
		};
		2D9A312CD5C3B7D67D03B6B7 /* Check Pods Manifest.lock */ = {
			isa = PBXShellScriptBuildPhase;
			buildActionMask = 2147483647;
			files = (
			);
			inputPaths = (
			);
			name = "Check Pods Manifest.lock";
			outputPaths = (
			);
			runOnlyForDeploymentPostprocessing = 0;
			shellPath = /bin/sh;
			shellScript = "diff \"${PODS_ROOT}/../Podfile.lock\" \"${PODS_ROOT}/Manifest.lock\" > /dev/null\nif [[ $? != 0 ]] ; then\n    cat << EOM\nerror: The sandbox is not in sync with the Podfile.lock. Run 'pod install' or update your CocoaPods installation.\nEOM\n    exit 1\nfi\n";
			showEnvVarsInLog = 0;
		};
		4440AFB57BFF382BB0B42D9A /* Copy Pods Resources */ = {
			isa = PBXShellScriptBuildPhase;
			buildActionMask = 2147483647;
			files = (
			);
			inputPaths = (
			);
			name = "Copy Pods Resources";
			outputPaths = (
			);
			runOnlyForDeploymentPostprocessing = 0;
			shellPath = /bin/sh;
			shellScript = "\"${SRCROOT}/Pods/Target Support Files/Pods-Listio/Pods-Listio-resources.sh\"\n";
			showEnvVarsInLog = 0;
		};
		990F4FD3A261B0E89BC73D41 /* Embed Pods Frameworks */ = {
			isa = PBXShellScriptBuildPhase;
			buildActionMask = 2147483647;
			files = (
			);
			inputPaths = (
			);
			name = "Embed Pods Frameworks";
			outputPaths = (
			);
			runOnlyForDeploymentPostprocessing = 0;
			shellPath = /bin/sh;
			shellScript = "\"${SRCROOT}/Pods/Target Support Files/Pods-ListioTests/Pods-ListioTests-frameworks.sh\"\n";
			showEnvVarsInLog = 0;
		};
		C0DCA31E3E7E142ADC76C309 /* Copy Pods Resources */ = {
			isa = PBXShellScriptBuildPhase;
			buildActionMask = 2147483647;
			files = (
			);
			inputPaths = (
			);
			name = "Copy Pods Resources";
			outputPaths = (
			);
			runOnlyForDeploymentPostprocessing = 0;
			shellPath = /bin/sh;
			shellScript = "\"${SRCROOT}/Pods/Target Support Files/Pods-ListioTests/Pods-ListioTests-resources.sh\"\n";
			showEnvVarsInLog = 0;
		};
		FBFF8ED63D9F7887B3DA9153 /* Embed Pods Frameworks */ = {
			isa = PBXShellScriptBuildPhase;
			buildActionMask = 2147483647;
			files = (
			);
			inputPaths = (
			);
			name = "Embed Pods Frameworks";
			outputPaths = (
			);
			runOnlyForDeploymentPostprocessing = 0;
			shellPath = /bin/sh;
			shellScript = "\"${SRCROOT}/Pods/Target Support Files/Pods-Listio/Pods-Listio-frameworks.sh\"\n";
			showEnvVarsInLog = 0;
		};
/* End PBXShellScriptBuildPhase section */

/* Begin PBXSourcesBuildPhase section */
		3A975D471CFCC42200E400B3 /* Sources */ = {
			isa = PBXSourcesBuildPhase;
			buildActionMask = 2147483647;
			files = (
				3AE233421CFE830E00656969 /* DetailViewController.swift in Sources */,
				3AE1FB271D07710B001A6914 /* CoreDataHandler.swift in Sources */,
				3AC80ADC1D0517CD00066489 /* Group.swift in Sources */,
				3AC80ADB1D0517CD00066489 /* Group+CoreDataProperties.swift in Sources */,
				3AE233401CFE21D400656969 /* NavigationViewController.swift in Sources */,
				3A975D4F1CFCC42200E400B3 /* AppDelegate.swift in Sources */,
				3AE2333B1CFE1A5C00656969 /* Document+CoreDataProperties.swift in Sources */,
				3AE233361CFE179300656969 /* FPHandlesMOC.swift in Sources */,
				3AE2333D1CFE1A5C00656969 /* Item+CoreDataProperties.swift in Sources */,
				3AE233321CFE112E00656969 /* ProtocolCoreDataTableViewController.swift in Sources */,
				3AE2333E1CFE1A5C00656969 /* Item.swift in Sources */,
				3AE2333C1CFE1A5C00656969 /* Document.swift in Sources */,
				3AE233441CFE8B5100656969 /* InteligenceCore.swift in Sources */,
				3A9D64711D027082002369A4 /* Extensions.swift in Sources */,
				3AE1FB231D076878001A6914 /* ItemList+CoreDataProperties.swift in Sources */,
				3AE233341CFE11B000656969 /* MainViewController.swift in Sources */,
				3AE233311CFE112E00656969 /* CoreDataTableViewController.swift in Sources */,
				3A975D571CFCC42200E400B3 /* Listio.xcdatamodeld in Sources */,
				3AE1FB241D076878001A6914 /* ItemList.swift in Sources */,
				3A9D646F1D026839002369A4 /* FirstViewController.swift in Sources */,
				3AE1FB2A1D07B71E001A6914 /* DocumentUiTableViewCell.swift in Sources */,
			);
			runOnlyForDeploymentPostprocessing = 0;
		};
		3A975D5E1CFCC42200E400B3 /* Sources */ = {
			isa = PBXSourcesBuildPhase;
			buildActionMask = 2147483647;
			files = (
				3A975D671CFCC42200E400B3 /* ListioTests.swift in Sources */,
			);
			runOnlyForDeploymentPostprocessing = 0;
		};
/* End PBXSourcesBuildPhase section */

/* Begin PBXTargetDependency section */
		3A975D641CFCC42200E400B3 /* PBXTargetDependency */ = {
			isa = PBXTargetDependency;
			target = 3A975D4A1CFCC42200E400B3 /* Listio */;
			targetProxy = 3A975D631CFCC42200E400B3 /* PBXContainerItemProxy */;
		};
/* End PBXTargetDependency section */

/* Begin PBXVariantGroup section */
		3A975D521CFCC42200E400B3 /* Main.storyboard */ = {
			isa = PBXVariantGroup;
			children = (
				3A975D531CFCC42200E400B3 /* Base */,
			);
			name = Main.storyboard;
			sourceTree = "<group>";
		};
		3A975D5A1CFCC42200E400B3 /* LaunchScreen.storyboard */ = {
			isa = PBXVariantGroup;
			children = (
				3A975D5B1CFCC42200E400B3 /* Base */,
			);
			name = LaunchScreen.storyboard;
			sourceTree = "<group>";
		};
/* End PBXVariantGroup section */

/* Begin XCBuildConfiguration section */
		3A975D691CFCC42200E400B3 /* Debug */ = {
			isa = XCBuildConfiguration;
			buildSettings = {
				ALWAYS_SEARCH_USER_PATHS = NO;
				CLANG_ANALYZER_NONNULL = YES;
				CLANG_CXX_LANGUAGE_STANDARD = "gnu++0x";
				CLANG_CXX_LIBRARY = "libc++";
				CLANG_ENABLE_MODULES = YES;
				CLANG_ENABLE_OBJC_ARC = YES;
				CLANG_WARN_BOOL_CONVERSION = YES;
				CLANG_WARN_CONSTANT_CONVERSION = YES;
				CLANG_WARN_DIRECT_OBJC_ISA_USAGE = YES_ERROR;
				CLANG_WARN_EMPTY_BODY = YES;
				CLANG_WARN_ENUM_CONVERSION = YES;
				CLANG_WARN_INT_CONVERSION = YES;
				CLANG_WARN_OBJC_ROOT_CLASS = YES_ERROR;
				CLANG_WARN_UNREACHABLE_CODE = YES;
				CLANG_WARN__DUPLICATE_METHOD_MATCH = YES;
				"CODE_SIGN_IDENTITY[sdk=iphoneos*]" = "iPhone Developer";
				COPY_PHASE_STRIP = NO;
				DEBUG_INFORMATION_FORMAT = dwarf;
				ENABLE_STRICT_OBJC_MSGSEND = YES;
				ENABLE_TESTABILITY = YES;
				GCC_C_LANGUAGE_STANDARD = gnu99;
				GCC_DYNAMIC_NO_PIC = NO;
				GCC_NO_COMMON_BLOCKS = YES;
				GCC_OPTIMIZATION_LEVEL = 0;
				GCC_PREPROCESSOR_DEFINITIONS = (
					"DEBUG=1",
					"$(inherited)",
				);
				GCC_WARN_64_TO_32_BIT_CONVERSION = YES;
				GCC_WARN_ABOUT_RETURN_TYPE = YES_ERROR;
				GCC_WARN_UNDECLARED_SELECTOR = YES;
				GCC_WARN_UNINITIALIZED_AUTOS = YES_AGGRESSIVE;
				GCC_WARN_UNUSED_FUNCTION = YES;
				GCC_WARN_UNUSED_VARIABLE = YES;
				IPHONEOS_DEPLOYMENT_TARGET = 9.3;
				MTL_ENABLE_DEBUG_INFO = YES;
				ONLY_ACTIVE_ARCH = YES;
				SDKROOT = iphoneos;
				SWIFT_OPTIMIZATION_LEVEL = "-Onone";
			};
			name = Debug;
		};
		3A975D6A1CFCC42200E400B3 /* Release */ = {
			isa = XCBuildConfiguration;
			buildSettings = {
				ALWAYS_SEARCH_USER_PATHS = NO;
				CLANG_ANALYZER_NONNULL = YES;
				CLANG_CXX_LANGUAGE_STANDARD = "gnu++0x";
				CLANG_CXX_LIBRARY = "libc++";
				CLANG_ENABLE_MODULES = YES;
				CLANG_ENABLE_OBJC_ARC = YES;
				CLANG_WARN_BOOL_CONVERSION = YES;
				CLANG_WARN_CONSTANT_CONVERSION = YES;
				CLANG_WARN_DIRECT_OBJC_ISA_USAGE = YES_ERROR;
				CLANG_WARN_EMPTY_BODY = YES;
				CLANG_WARN_ENUM_CONVERSION = YES;
				CLANG_WARN_INT_CONVERSION = YES;
				CLANG_WARN_OBJC_ROOT_CLASS = YES_ERROR;
				CLANG_WARN_UNREACHABLE_CODE = YES;
				CLANG_WARN__DUPLICATE_METHOD_MATCH = YES;
				"CODE_SIGN_IDENTITY[sdk=iphoneos*]" = "iPhone Developer";
				COPY_PHASE_STRIP = NO;
				DEBUG_INFORMATION_FORMAT = "dwarf-with-dsym";
				ENABLE_NS_ASSERTIONS = NO;
				ENABLE_STRICT_OBJC_MSGSEND = YES;
				GCC_C_LANGUAGE_STANDARD = gnu99;
				GCC_NO_COMMON_BLOCKS = YES;
				GCC_WARN_64_TO_32_BIT_CONVERSION = YES;
				GCC_WARN_ABOUT_RETURN_TYPE = YES_ERROR;
				GCC_WARN_UNDECLARED_SELECTOR = YES;
				GCC_WARN_UNINITIALIZED_AUTOS = YES_AGGRESSIVE;
				GCC_WARN_UNUSED_FUNCTION = YES;
				GCC_WARN_UNUSED_VARIABLE = YES;
				IPHONEOS_DEPLOYMENT_TARGET = 9.3;
				MTL_ENABLE_DEBUG_INFO = NO;
				SDKROOT = iphoneos;
				VALIDATE_PRODUCT = YES;
			};
			name = Release;
		};
		3A975D6C1CFCC42200E400B3 /* Debug */ = {
			isa = XCBuildConfiguration;
			baseConfigurationReference = 4A6C6537EEC71D540BB2EF14 /* Pods-Listio.debug.xcconfig */;
			buildSettings = {
				ASSETCATALOG_COMPILER_APPICON_NAME = AppIcon;
				INFOPLIST_FILE = Listio/Info.plist;
				LD_RUNPATH_SEARCH_PATHS = "$(inherited) @executable_path/Frameworks";
				PRODUCT_BUNDLE_IDENTIFIER = felipep.com.Listio;
				PRODUCT_NAME = "$(TARGET_NAME)";
			};
			name = Debug;
		};
		3A975D6D1CFCC42200E400B3 /* Release */ = {
			isa = XCBuildConfiguration;
			baseConfigurationReference = CD3149109DC7E09012A4CE7A /* Pods-Listio.release.xcconfig */;
			buildSettings = {
				ASSETCATALOG_COMPILER_APPICON_NAME = AppIcon;
				INFOPLIST_FILE = Listio/Info.plist;
				LD_RUNPATH_SEARCH_PATHS = "$(inherited) @executable_path/Frameworks";
				PRODUCT_BUNDLE_IDENTIFIER = felipep.com.Listio;
				PRODUCT_NAME = "$(TARGET_NAME)";
			};
			name = Release;
		};
		3A975D6F1CFCC42200E400B3 /* Debug */ = {
			isa = XCBuildConfiguration;
			baseConfigurationReference = 0E2DF3DB0D439582130AD6D3 /* Pods-ListioTests.debug.xcconfig */;
			buildSettings = {
				BUNDLE_LOADER = "$(TEST_HOST)";
				INFOPLIST_FILE = ListioTests/Info.plist;
				LD_RUNPATH_SEARCH_PATHS = "$(inherited) @executable_path/Frameworks @loader_path/Frameworks";
				PRODUCT_BUNDLE_IDENTIFIER = felipep.com.ListioTests;
				PRODUCT_NAME = "$(TARGET_NAME)";
				TEST_HOST = "$(BUILT_PRODUCTS_DIR)/Listio.app/Listio";
			};
			name = Debug;
		};
		3A975D701CFCC42200E400B3 /* Release */ = {
			isa = XCBuildConfiguration;
			baseConfigurationReference = E7958EC9A6C72BC956C80B47 /* Pods-ListioTests.release.xcconfig */;
			buildSettings = {
				BUNDLE_LOADER = "$(TEST_HOST)";
				INFOPLIST_FILE = ListioTests/Info.plist;
				LD_RUNPATH_SEARCH_PATHS = "$(inherited) @executable_path/Frameworks @loader_path/Frameworks";
				PRODUCT_BUNDLE_IDENTIFIER = felipep.com.ListioTests;
				PRODUCT_NAME = "$(TARGET_NAME)";
				TEST_HOST = "$(BUILT_PRODUCTS_DIR)/Listio.app/Listio";
			};
			name = Release;
		};
/* End XCBuildConfiguration section */

/* Begin XCConfigurationList section */
		3A975D461CFCC42200E400B3 /* Build configuration list for PBXProject "Listio" */ = {
			isa = XCConfigurationList;
			buildConfigurations = (
				3A975D691CFCC42200E400B3 /* Debug */,
				3A975D6A1CFCC42200E400B3 /* Release */,
			);
			defaultConfigurationIsVisible = 0;
			defaultConfigurationName = Release;
		};
		3A975D6B1CFCC42200E400B3 /* Build configuration list for PBXNativeTarget "Listio" */ = {
			isa = XCConfigurationList;
			buildConfigurations = (
				3A975D6C1CFCC42200E400B3 /* Debug */,
				3A975D6D1CFCC42200E400B3 /* Release */,
			);
			defaultConfigurationIsVisible = 0;
			defaultConfigurationName = Release;
		};
		3A975D6E1CFCC42200E400B3 /* Build configuration list for PBXNativeTarget "ListioTests" */ = {
			isa = XCConfigurationList;
			buildConfigurations = (
				3A975D6F1CFCC42200E400B3 /* Debug */,
				3A975D701CFCC42200E400B3 /* Release */,
			);
			defaultConfigurationIsVisible = 0;
			defaultConfigurationName = Release;
		};
/* End XCConfigurationList section */

/* Begin XCVersionGroup section */
		3A975D551CFCC42200E400B3 /* Listio.xcdatamodeld */ = {
			isa = XCVersionGroup;
			children = (
				3A975D561CFCC42200E400B3 /* Listio.xcdatamodel */,
			);
			currentVersion = 3A975D561CFCC42200E400B3 /* Listio.xcdatamodel */;
			path = Listio.xcdatamodeld;
			sourceTree = "<group>";
			versionGroupType = wrapper.xcdatamodel;
		};
/* End XCVersionGroup section */
	};
	rootObject = 3A975D431CFCC42200E400B3 /* Project object */;
}
