// !$*UTF8*$!
{
	archiveVersion = 1;
	classes = {
	};
	objectVersion = 46;
	objects = {

/* Begin PBXBuildFile section */
		3A09FD2C1F4682B8006E78DB /* Item.swift in Sources */ = {isa = PBXBuildFile; fileRef = 3A09FD2B1F4682B8006E78DB /* Item.swift */; };
		3A8E3E741F3F820200434A37 /* Constants.swift in Sources */ = {isa = PBXBuildFile; fileRef = 3A8E3E731F3F820200434A37 /* Constants.swift */; };
		3A8EAE991FC06F1F0093764B /* NewItemViewModel.swift in Sources */ = {isa = PBXBuildFile; fileRef = 3A8EAE981FC06F1F0093764B /* NewItemViewModel.swift */; };
		3A975D4F1CFCC42200E400B3 /* AppDelegate.swift in Sources */ = {isa = PBXBuildFile; fileRef = 3A975D4E1CFCC42200E400B3 /* AppDelegate.swift */; };
		3A975D541CFCC42200E400B3 /* Main.storyboard in Resources */ = {isa = PBXBuildFile; fileRef = 3A975D521CFCC42200E400B3 /* Main.storyboard */; };
		3A975D5C1CFCC42200E400B3 /* LaunchScreen.storyboard in Resources */ = {isa = PBXBuildFile; fileRef = 3A975D5A1CFCC42200E400B3 /* LaunchScreen.storyboard */; };
		3A9D64711D027082002369A4 /* Extensions.swift in Sources */ = {isa = PBXBuildFile; fileRef = 3A9D64701D027082002369A4 /* Extensions.swift */; };
		3AB069741FC04D8A000D7BD0 /* ItemViewModel.swift in Sources */ = {isa = PBXBuildFile; fileRef = 3AB069731FC04D8A000D7BD0 /* ItemViewModel.swift */; };
		3AB121EB1F3744A10042C2A9 /* AlertProvider.swift in Sources */ = {isa = PBXBuildFile; fileRef = 3AB121EA1F3744A10042C2A9 /* AlertProvider.swift */; };
		3ABA10261EAD62D20002CECE /* AddListItemDataProviderProtocol.swift in Sources */ = {isa = PBXBuildFile; fileRef = 3ABA10251EAD62D20002CECE /* AddListItemDataProviderProtocol.swift */; };
		3ABA10281EAD66860002CECE /* AddListItemDataProvider.swift in Sources */ = {isa = PBXBuildFile; fileRef = 3ABA10271EAD66860002CECE /* AddListItemDataProvider.swift */; };
		3ABA102B1EAD6F860002CECE /* AddListItemTableViewCell.swift in Sources */ = {isa = PBXBuildFile; fileRef = 3ABA102A1EAD6F860002CECE /* AddListItemTableViewCell.swift */; };
		3ABA102D1EAE43D70002CECE /* AddListItemViewController.swift in Sources */ = {isa = PBXBuildFile; fileRef = 3ABA102C1EAE43D70002CECE /* AddListItemViewController.swift */; };
		3ACD3B3A1E9BC81300713A04 /* MainDataProviderProtocol.swift in Sources */ = {isa = PBXBuildFile; fileRef = 3ACD3B391E9BC81300713A04 /* MainDataProviderProtocol.swift */; };
		3ACD3B3C1E9BF16C00713A04 /* MainDataProvider.swift in Sources */ = {isa = PBXBuildFile; fileRef = 3ACD3B3B1E9BF16C00713A04 /* MainDataProvider.swift */; };
		3ACD3B3E1E9BF5BB00713A04 /* ExtensionsTest.swift in Sources */ = {isa = PBXBuildFile; fileRef = 3ACD3B3D1E9BF5BB00713A04 /* ExtensionsTest.swift */; };
		3ACD3B431E9D121000713A04 /* APICommunicatorProtocol.swift in Sources */ = {isa = PBXBuildFile; fileRef = 3ACD3B421E9D121000713A04 /* APICommunicatorProtocol.swift */; };
		3ACD3B4F1E9D251800713A04 /* receipt1.json in Resources */ = {isa = PBXBuildFile; fileRef = 3ACD3B4E1E9D251800713A04 /* receipt1.json */; };
		3ACD9C7A1FADD1FB004FB6BF /* DatabaseManager.swift in Sources */ = {isa = PBXBuildFile; fileRef = 3ACD9C791FADD1FB004FB6BF /* DatabaseManager.swift */; };
		3AD02D101E88056D00B4CAD5 /* APICommunicator.swift in Sources */ = {isa = PBXBuildFile; fileRef = 3AD02D0F1E88056D00B4CAD5 /* APICommunicator.swift */; };
		3AD5027A1EA4F9A10071B975 /* APICommunicatorTest.swift in Sources */ = {isa = PBXBuildFile; fileRef = 3AD502791EA4F9A10071B975 /* APICommunicatorTest.swift */; };
		3AD5027C1EA526C90071B975 /* receipt2.json in Resources */ = {isa = PBXBuildFile; fileRef = 3AD5027B1EA526C90071B975 /* receipt2.json */; };
		3ADF73DC2054213400613F21 /* AppFramework.h in Headers */ = {isa = PBXBuildFile; fileRef = 3ADF73DA2054213400613F21 /* AppFramework.h */; settings = {ATTRIBUTES = (Public, ); }; };
		3ADF73DF2054213400613F21 /* AppFramework.framework in Frameworks */ = {isa = PBXBuildFile; fileRef = 3ADF73D82054213400613F21 /* AppFramework.framework */; };
		3ADF73E02054213400613F21 /* AppFramework.framework in Embed Frameworks */ = {isa = PBXBuildFile; fileRef = 3ADF73D82054213400613F21 /* AppFramework.framework */; settings = {ATTRIBUTES = (CodeSignOnCopy, RemoveHeadersOnCopy, ); }; };
		3AE1FB2A1D07B71E001A6914 /* MainTableViewCell.swift in Sources */ = {isa = PBXBuildFile; fileRef = 3AE1FB291D07B71E001A6914 /* MainTableViewCell.swift */; };
		3AE233341CFE11B000656969 /* MainViewController.swift in Sources */ = {isa = PBXBuildFile; fileRef = 3AE233331CFE11B000656969 /* MainViewController.swift */; };
		3AE647AE1F6D6568007E321B /* ItemViewController.swift in Sources */ = {isa = PBXBuildFile; fileRef = 3AE647AD1F6D6568007E321B /* ItemViewController.swift */; };
		3AE8D2F51E8B0B30006CA297 /* Receipt.swift in Sources */ = {isa = PBXBuildFile; fileRef = 3AE8D2F31E8B0B30006CA297 /* Receipt.swift */; };
		3AE9D4021EB0D6EF005A4665 /* AddListItemControllerTest.swift in Sources */ = {isa = PBXBuildFile; fileRef = 3AE9D4011EB0D6EF005A4665 /* AddListItemControllerTest.swift */; };
		3AE9D4061EB16AE1005A4665 /* Assets.xcassets in Resources */ = {isa = PBXBuildFile; fileRef = 3AE9D4051EB16AE1005A4665 /* Assets.xcassets */; };
		3AEABFF61F2E942D006FFAFB /* CurrencyField.swift in Sources */ = {isa = PBXBuildFile; fileRef = 3AEABFF51F2E942D006FFAFB /* CurrencyField.swift */; };
		3AFA07951EEC9EF000E4DC38 /* NewItemViewController.swift in Sources */ = {isa = PBXBuildFile; fileRef = 3AFA07941EEC9EF000E4DC38 /* NewItemViewController.swift */; };
		4BB44E9BFC7F6740E4072CA9 /* Pods_ListioTests.framework in Frameworks */ = {isa = PBXBuildFile; fileRef = 6BBAC57D624535581FC246E3 /* Pods_ListioTests.framework */; };
		5A76B462BA206FE5814FE18C /* Pods_Prod.framework in Frameworks */ = {isa = PBXBuildFile; fileRef = 54CBF9842201B791896B90E1 /* Pods_Prod.framework */; };
		78BC20C57DC49492A2308F23 /* Pods_AppFramework.framework in Frameworks */ = {isa = PBXBuildFile; fileRef = 5F7E45815DC587C5649CCD30 /* Pods_AppFramework.framework */; };
/* End PBXBuildFile section */

/* Begin PBXContainerItemProxy section */
		3A975D631CFCC42200E400B3 /* PBXContainerItemProxy */ = {
			isa = PBXContainerItemProxy;
			containerPortal = 3A975D431CFCC42200E400B3 /* Project object */;
			proxyType = 1;
			remoteGlobalIDString = 3A975D4A1CFCC42200E400B3;
			remoteInfo = Listio;
		};
		3ADF73DD2054213400613F21 /* PBXContainerItemProxy */ = {
			isa = PBXContainerItemProxy;
			containerPortal = 3A975D431CFCC42200E400B3 /* Project object */;
			proxyType = 1;
			remoteGlobalIDString = 3ADF73D72054213400613F21;
			remoteInfo = AppFramework;
		};
/* End PBXContainerItemProxy section */

/* Begin PBXCopyFilesBuildPhase section */
		3ADF73E42054213400613F21 /* Embed Frameworks */ = {
			isa = PBXCopyFilesBuildPhase;
			buildActionMask = 2147483647;
			dstPath = "";
			dstSubfolderSpec = 10;
			files = (
				3ADF73E02054213400613F21 /* AppFramework.framework in Embed Frameworks */,
			);
			name = "Embed Frameworks";
			runOnlyForDeploymentPostprocessing = 0;
		};
/* End PBXCopyFilesBuildPhase section */

/* Begin PBXFileReference section */
		03F7C3AEEFB3CF6758EE5B0C /* Pods-AppFramework.release.xcconfig */ = {isa = PBXFileReference; includeInIndex = 1; lastKnownFileType = text.xcconfig; name = "Pods-AppFramework.release.xcconfig"; path = "Pods/Target Support Files/Pods-AppFramework/Pods-AppFramework.release.xcconfig"; sourceTree = "<group>"; };
		1013B789C613BC057034F848 /* Pods-AppFramework.debug.xcconfig */ = {isa = PBXFileReference; includeInIndex = 1; lastKnownFileType = text.xcconfig; name = "Pods-AppFramework.debug.xcconfig"; path = "Pods/Target Support Files/Pods-AppFramework/Pods-AppFramework.debug.xcconfig"; sourceTree = "<group>"; };
		25F454390EB9A01519FBB93D /* Pods-ListioTests.debug.xcconfig */ = {isa = PBXFileReference; includeInIndex = 1; lastKnownFileType = text.xcconfig; name = "Pods-ListioTests.debug.xcconfig"; path = "Pods/Target Support Files/Pods-ListioTests/Pods-ListioTests.debug.xcconfig"; sourceTree = "<group>"; };
		3A09FD2B1F4682B8006E78DB /* Item.swift */ = {isa = PBXFileReference; fileEncoding = 4; lastKnownFileType = sourcecode.swift; path = Item.swift; sourceTree = "<group>"; };
		3A572EF01F589EC200D9544B /* Listio-hml.plist */ = {isa = PBXFileReference; lastKnownFileType = text.plist.xml; name = "Listio-hml.plist"; path = "/Users/felipediaspereira/Documents/Code/Listio/Listio-hml.plist"; sourceTree = "<absolute>"; };
		3A8E3E731F3F820200434A37 /* Constants.swift */ = {isa = PBXFileReference; fileEncoding = 4; lastKnownFileType = sourcecode.swift; path = Constants.swift; sourceTree = "<group>"; };
		3A8EAE981FC06F1F0093764B /* NewItemViewModel.swift */ = {isa = PBXFileReference; lastKnownFileType = sourcecode.swift; path = NewItemViewModel.swift; sourceTree = "<group>"; };
		3A975D4B1CFCC42200E400B3 /* Prod.app */ = {isa = PBXFileReference; explicitFileType = wrapper.application; includeInIndex = 0; path = Prod.app; sourceTree = BUILT_PRODUCTS_DIR; };
		3A975D4E1CFCC42200E400B3 /* AppDelegate.swift */ = {isa = PBXFileReference; lastKnownFileType = sourcecode.swift; path = AppDelegate.swift; sourceTree = "<group>"; };
		3A975D531CFCC42200E400B3 /* Base */ = {isa = PBXFileReference; lastKnownFileType = file.storyboard; name = Base; path = Base.lproj/Main.storyboard; sourceTree = "<group>"; };
		3A975D5B1CFCC42200E400B3 /* Base */ = {isa = PBXFileReference; lastKnownFileType = file.storyboard; name = Base; path = Base.lproj/LaunchScreen.storyboard; sourceTree = "<group>"; };
		3A975D5D1CFCC42200E400B3 /* Info.plist */ = {isa = PBXFileReference; lastKnownFileType = text.plist.xml; path = Info.plist; sourceTree = "<group>"; };
		3A975D621CFCC42200E400B3 /* ListioTests.xctest */ = {isa = PBXFileReference; explicitFileType = wrapper.cfbundle; includeInIndex = 0; path = ListioTests.xctest; sourceTree = BUILT_PRODUCTS_DIR; };
		3A975D681CFCC42200E400B3 /* Info.plist */ = {isa = PBXFileReference; lastKnownFileType = text.plist.xml; path = Info.plist; sourceTree = "<group>"; };
		3A9D64701D027082002369A4 /* Extensions.swift */ = {isa = PBXFileReference; fileEncoding = 4; lastKnownFileType = sourcecode.swift; path = Extensions.swift; sourceTree = "<group>"; };
		3AB069731FC04D8A000D7BD0 /* ItemViewModel.swift */ = {isa = PBXFileReference; lastKnownFileType = sourcecode.swift; path = ItemViewModel.swift; sourceTree = "<group>"; };
		3AB121EA1F3744A10042C2A9 /* AlertProvider.swift */ = {isa = PBXFileReference; fileEncoding = 4; lastKnownFileType = sourcecode.swift; path = AlertProvider.swift; sourceTree = "<group>"; };
		3AB8E78246845AE759DB025B /* Pods-Prod.release.xcconfig */ = {isa = PBXFileReference; includeInIndex = 1; lastKnownFileType = text.xcconfig; name = "Pods-Prod.release.xcconfig"; path = "Pods/Target Support Files/Pods-Prod/Pods-Prod.release.xcconfig"; sourceTree = "<group>"; };
		3ABA10251EAD62D20002CECE /* AddListItemDataProviderProtocol.swift */ = {isa = PBXFileReference; fileEncoding = 4; lastKnownFileType = sourcecode.swift; path = AddListItemDataProviderProtocol.swift; sourceTree = "<group>"; };
		3ABA10271EAD66860002CECE /* AddListItemDataProvider.swift */ = {isa = PBXFileReference; fileEncoding = 4; lastKnownFileType = sourcecode.swift; path = AddListItemDataProvider.swift; sourceTree = "<group>"; };
		3ABA102A1EAD6F860002CECE /* AddListItemTableViewCell.swift */ = {isa = PBXFileReference; fileEncoding = 4; lastKnownFileType = sourcecode.swift; path = AddListItemTableViewCell.swift; sourceTree = "<group>"; };
		3ABA102C1EAE43D70002CECE /* AddListItemViewController.swift */ = {isa = PBXFileReference; fileEncoding = 4; lastKnownFileType = sourcecode.swift; path = AddListItemViewController.swift; sourceTree = "<group>"; };
		3ACD3B391E9BC81300713A04 /* MainDataProviderProtocol.swift */ = {isa = PBXFileReference; fileEncoding = 4; lastKnownFileType = sourcecode.swift; path = MainDataProviderProtocol.swift; sourceTree = "<group>"; };
		3ACD3B3B1E9BF16C00713A04 /* MainDataProvider.swift */ = {isa = PBXFileReference; fileEncoding = 4; lastKnownFileType = sourcecode.swift; path = MainDataProvider.swift; sourceTree = "<group>"; };
		3ACD3B3D1E9BF5BB00713A04 /* ExtensionsTest.swift */ = {isa = PBXFileReference; fileEncoding = 4; lastKnownFileType = sourcecode.swift; path = ExtensionsTest.swift; sourceTree = "<group>"; };
		3ACD3B421E9D121000713A04 /* APICommunicatorProtocol.swift */ = {isa = PBXFileReference; fileEncoding = 4; lastKnownFileType = sourcecode.swift; path = APICommunicatorProtocol.swift; sourceTree = "<group>"; };
		3ACD3B4E1E9D251800713A04 /* receipt1.json */ = {isa = PBXFileReference; fileEncoding = 4; lastKnownFileType = text.json; path = receipt1.json; sourceTree = "<group>"; };
		3ACD9C791FADD1FB004FB6BF /* DatabaseManager.swift */ = {isa = PBXFileReference; lastKnownFileType = sourcecode.swift; path = DatabaseManager.swift; sourceTree = "<group>"; };
		3AD02D0F1E88056D00B4CAD5 /* APICommunicator.swift */ = {isa = PBXFileReference; fileEncoding = 4; lastKnownFileType = sourcecode.swift; path = APICommunicator.swift; sourceTree = "<group>"; };
		3AD502791EA4F9A10071B975 /* APICommunicatorTest.swift */ = {isa = PBXFileReference; fileEncoding = 4; lastKnownFileType = sourcecode.swift; path = APICommunicatorTest.swift; sourceTree = "<group>"; };
		3AD5027B1EA526C90071B975 /* receipt2.json */ = {isa = PBXFileReference; fileEncoding = 4; lastKnownFileType = text.json; path = receipt2.json; sourceTree = "<group>"; };
		3ADF73D82054213400613F21 /* AppFramework.framework */ = {isa = PBXFileReference; explicitFileType = wrapper.framework; includeInIndex = 0; path = AppFramework.framework; sourceTree = BUILT_PRODUCTS_DIR; };
		3ADF73DA2054213400613F21 /* AppFramework.h */ = {isa = PBXFileReference; lastKnownFileType = sourcecode.c.h; path = AppFramework.h; sourceTree = "<group>"; };
		3ADF73DB2054213400613F21 /* Info.plist */ = {isa = PBXFileReference; lastKnownFileType = text.plist.xml; path = Info.plist; sourceTree = "<group>"; };
		3ADF73E5205441C700613F21 /* MyPlayground.playground */ = {isa = PBXFileReference; lastKnownFileType = file.playground; path = MyPlayground.playground; sourceTree = "<group>"; xcLanguageSpecificationIdentifier = xcode.lang.swift; };
		3AE1FB291D07B71E001A6914 /* MainTableViewCell.swift */ = {isa = PBXFileReference; fileEncoding = 4; lastKnownFileType = sourcecode.swift; path = MainTableViewCell.swift; sourceTree = "<group>"; };
		3AE233331CFE11B000656969 /* MainViewController.swift */ = {isa = PBXFileReference; fileEncoding = 4; lastKnownFileType = sourcecode.swift; path = MainViewController.swift; sourceTree = "<group>"; };
		3AE647AD1F6D6568007E321B /* ItemViewController.swift */ = {isa = PBXFileReference; fileEncoding = 4; lastKnownFileType = sourcecode.swift; path = ItemViewController.swift; sourceTree = "<group>"; };
		3AE8D2F31E8B0B30006CA297 /* Receipt.swift */ = {isa = PBXFileReference; fileEncoding = 4; lastKnownFileType = sourcecode.swift; path = Receipt.swift; sourceTree = "<group>"; };
		3AE9D4011EB0D6EF005A4665 /* AddListItemControllerTest.swift */ = {isa = PBXFileReference; fileEncoding = 4; lastKnownFileType = sourcecode.swift; path = AddListItemControllerTest.swift; sourceTree = "<group>"; };
		3AE9D4051EB16AE1005A4665 /* Assets.xcassets */ = {isa = PBXFileReference; lastKnownFileType = folder.assetcatalog; path = Assets.xcassets; sourceTree = "<group>"; };
		3AEABFF51F2E942D006FFAFB /* CurrencyField.swift */ = {isa = PBXFileReference; fileEncoding = 4; lastKnownFileType = sourcecode.swift; path = CurrencyField.swift; sourceTree = "<group>"; };
		3AFA07941EEC9EF000E4DC38 /* NewItemViewController.swift */ = {isa = PBXFileReference; fileEncoding = 4; lastKnownFileType = sourcecode.swift; path = NewItemViewController.swift; sourceTree = "<group>"; };
		54CBF9842201B791896B90E1 /* Pods_Prod.framework */ = {isa = PBXFileReference; explicitFileType = wrapper.framework; includeInIndex = 0; path = Pods_Prod.framework; sourceTree = BUILT_PRODUCTS_DIR; };
		5F7E45815DC587C5649CCD30 /* Pods_AppFramework.framework */ = {isa = PBXFileReference; explicitFileType = wrapper.framework; includeInIndex = 0; path = Pods_AppFramework.framework; sourceTree = BUILT_PRODUCTS_DIR; };
		6BBAC57D624535581FC246E3 /* Pods_ListioTests.framework */ = {isa = PBXFileReference; explicitFileType = wrapper.framework; includeInIndex = 0; path = Pods_ListioTests.framework; sourceTree = BUILT_PRODUCTS_DIR; };
		6DAA796B74DF7877F38BBEF9 /* Pods-Prod.debug.xcconfig */ = {isa = PBXFileReference; includeInIndex = 1; lastKnownFileType = text.xcconfig; name = "Pods-Prod.debug.xcconfig"; path = "Pods/Target Support Files/Pods-Prod/Pods-Prod.debug.xcconfig"; sourceTree = "<group>"; };
		7B9156E5FD3513EF0A14B710 /* Pods-ListioTests.release.xcconfig */ = {isa = PBXFileReference; includeInIndex = 1; lastKnownFileType = text.xcconfig; name = "Pods-ListioTests.release.xcconfig"; path = "Pods/Target Support Files/Pods-ListioTests/Pods-ListioTests.release.xcconfig"; sourceTree = "<group>"; };
/* End PBXFileReference section */

/* Begin PBXFrameworksBuildPhase section */
		3A975D481CFCC42200E400B3 /* Frameworks */ = {
			isa = PBXFrameworksBuildPhase;
			buildActionMask = 2147483647;
			files = (
				3ADF73DF2054213400613F21 /* AppFramework.framework in Frameworks */,
				5A76B462BA206FE5814FE18C /* Pods_Prod.framework in Frameworks */,
			);
			runOnlyForDeploymentPostprocessing = 0;
		};
		3A975D5F1CFCC42200E400B3 /* Frameworks */ = {
			isa = PBXFrameworksBuildPhase;
			buildActionMask = 2147483647;
			files = (
				4BB44E9BFC7F6740E4072CA9 /* Pods_ListioTests.framework in Frameworks */,
			);
			runOnlyForDeploymentPostprocessing = 0;
		};
		3ADF73D42054213400613F21 /* Frameworks */ = {
			isa = PBXFrameworksBuildPhase;
			buildActionMask = 2147483647;
			files = (
				78BC20C57DC49492A2308F23 /* Pods_AppFramework.framework in Frameworks */,
			);
			runOnlyForDeploymentPostprocessing = 0;
		};
/* End PBXFrameworksBuildPhase section */

/* Begin PBXGroup section */
		16B2F86A1F0A8E8B00885796 /* Cells */ = {
			isa = PBXGroup;
			children = (
				3AEABFF51F2E942D006FFAFB /* CurrencyField.swift */,
			);
			name = Cells;
			sourceTree = "<group>";
		};
		33622A784EEA0AF539455FCF /* Frameworks */ = {
			isa = PBXGroup;
			children = (
				5F7E45815DC587C5649CCD30 /* Pods_AppFramework.framework */,
				6BBAC57D624535581FC246E3 /* Pods_ListioTests.framework */,
				54CBF9842201B791896B90E1 /* Pods_Prod.framework */,
			);
			name = Frameworks;
			sourceTree = "<group>";
		};
		3A4CC4D61EBA1D7700E230D1 /* MainView */ = {
			isa = PBXGroup;
			children = (
			);
			name = MainView;
			sourceTree = "<group>";
		};
		3A4CC4D71EBA1D7F00E230D1 /* AddQRCodeView */ = {
			isa = PBXGroup;
			children = (
			);
			name = AddQRCodeView;
			sourceTree = "<group>";
		};
		3A4CC4D81EBA1D8A00E230D1 /* AddListItemView */ = {
			isa = PBXGroup;
			children = (
				3AE9D4011EB0D6EF005A4665 /* AddListItemControllerTest.swift */,
			);
			name = AddListItemView;
			sourceTree = "<group>";
		};
		3A4CC4D91EBA1D9600E230D1 /* Realm */ = {
			isa = PBXGroup;
			children = (
				3ACD3B4E1E9D251800713A04 /* receipt1.json */,
				3AD5027B1EA526C90071B975 /* receipt2.json */,
			);
			name = Realm;
			sourceTree = "<group>";
		};
		3A975D421CFCC42200E400B3 = {
			isa = PBXGroup;
			children = (
				3ADF73E5205441C700613F21 /* MyPlayground.playground */,
				3A975D4D1CFCC42200E400B3 /* Listio */,
				3A975D651CFCC42200E400B3 /* ListioTests */,
				3ADF73D92054213400613F21 /* AppFramework */,
				3A975D4C1CFCC42200E400B3 /* Products */,
				86C4680F478BBB8D4CB0CC06 /* Pods */,
				33622A784EEA0AF539455FCF /* Frameworks */,
			);
			sourceTree = "<group>";
		};
		3A975D4C1CFCC42200E400B3 /* Products */ = {
			isa = PBXGroup;
			children = (
				3A975D4B1CFCC42200E400B3 /* Prod.app */,
				3A975D621CFCC42200E400B3 /* ListioTests.xctest */,
				3ADF73D82054213400613F21 /* AppFramework.framework */,
			);
			name = Products;
			sourceTree = "<group>";
		};
		3A975D4D1CFCC42200E400B3 /* Listio */ = {
			isa = PBXGroup;
			children = (
				3AE647A91F6D6534007E321B /* Item */,
				3AE233461CFE9EC800656969 /* Main */,
				3AD02D111E88058B00B4CAD5 /* Utils */,
				3AE233451CFE9EBA00656969 /* Core Data */,
				3A975D4E1CFCC42200E400B3 /* AppDelegate.swift */,
				3A975D521CFCC42200E400B3 /* Main.storyboard */,
				3AE9D4051EB16AE1005A4665 /* Assets.xcassets */,
				3A975D5A1CFCC42200E400B3 /* LaunchScreen.storyboard */,
				3A975D5D1CFCC42200E400B3 /* Info.plist */,
				3A572EF01F589EC200D9544B /* Listio-hml.plist */,
			);
			path = Listio;
			sourceTree = "<group>";
		};
		3A975D651CFCC42200E400B3 /* ListioTests */ = {
			isa = PBXGroup;
			children = (
				3A4CC4D91EBA1D9600E230D1 /* Realm */,
				3A4CC4D81EBA1D8A00E230D1 /* AddListItemView */,
				3A4CC4D71EBA1D7F00E230D1 /* AddQRCodeView */,
				3A4CC4D61EBA1D7700E230D1 /* MainView */,
				3A975D681CFCC42200E400B3 /* Info.plist */,
				3ACD3B3D1E9BF5BB00713A04 /* ExtensionsTest.swift */,
				3AD502791EA4F9A10071B975 /* APICommunicatorTest.swift */,
			);
			path = ListioTests;
			sourceTree = "<group>";
		};
		3ABA10291EAD6F710002CECE /* Cells */ = {
			isa = PBXGroup;
			children = (
				3ABA102A1EAD6F860002CECE /* AddListItemTableViewCell.swift */,
			);
			name = Cells;
			sourceTree = "<group>";
		};
		3AD02D111E88058B00B4CAD5 /* Utils */ = {
			isa = PBXGroup;
			children = (
				3AB121EA1F3744A10042C2A9 /* AlertProvider.swift */,
				3A9D64701D027082002369A4 /* Extensions.swift */,
				3AD02D0F1E88056D00B4CAD5 /* APICommunicator.swift */,
				3ACD3B421E9D121000713A04 /* APICommunicatorProtocol.swift */,
				3A8E3E731F3F820200434A37 /* Constants.swift */,
			);
			name = Utils;
			sourceTree = "<group>";
		};
		3ADF73D92054213400613F21 /* AppFramework */ = {
			isa = PBXGroup;
			children = (
				3ADF73DA2054213400613F21 /* AppFramework.h */,
				3ADF73DB2054213400613F21 /* Info.plist */,
			);
			path = AppFramework;
			sourceTree = "<group>";
		};
		3AE1A2AB1FA6446E0094AEFA /* List */ = {
			isa = PBXGroup;
			children = (
				3AE647AD1F6D6568007E321B /* ItemViewController.swift */,
				3AB069731FC04D8A000D7BD0 /* ItemViewModel.swift */,
			);
			name = List;
			sourceTree = "<group>";
		};
		3AE1A2AC1FA644810094AEFA /* List */ = {
			isa = PBXGroup;
			children = (
				3AFA078D1EEC5DAB00E4DC38 /* Container */,
				3AE233331CFE11B000656969 /* MainViewController.swift */,
			);
			name = List;
			sourceTree = "<group>";
		};
		3AE1FB251D0770D3001A6914 /* Core Data Objects */ = {
			isa = PBXGroup;
			children = (
				3A09FD2B1F4682B8006E78DB /* Item.swift */,
				3AE8D2F31E8B0B30006CA297 /* Receipt.swift */,
			);
			name = "Core Data Objects";
			sourceTree = "<group>";
		};
		3AE1FB281D07B6F4001A6914 /* Cells */ = {
			isa = PBXGroup;
			children = (
				3AE1FB291D07B71E001A6914 /* MainTableViewCell.swift */,
			);
			name = Cells;
			sourceTree = "<group>";
		};
		3AE233451CFE9EBA00656969 /* Core Data */ = {
			isa = PBXGroup;
			children = (
				3ACD9C791FADD1FB004FB6BF /* DatabaseManager.swift */,
				3AE1FB251D0770D3001A6914 /* Core Data Objects */,
			);
			name = "Core Data";
			sourceTree = "<group>";
		};
		3AE233461CFE9EC800656969 /* Main */ = {
			isa = PBXGroup;
			children = (
				3AE1A2AC1FA644810094AEFA /* List */,
				3AFA07901EEC6F5E00E4DC38 /* New */,
			);
			name = Main;
			sourceTree = "<group>";
		};
		3AE647A91F6D6534007E321B /* Item */ = {
			isa = PBXGroup;
			children = (
				3AE1A2AB1FA6446E0094AEFA /* List */,
				3AFA07931EEC9EDE00E4DC38 /* New  */,
			);
			name = Item;
			sourceTree = "<group>";
		};
		3AF9BF8A1EC8B6960067F73F /* Data Provider */ = {
			isa = PBXGroup;
			children = (
				3ABA10251EAD62D20002CECE /* AddListItemDataProviderProtocol.swift */,
				3ABA10271EAD66860002CECE /* AddListItemDataProvider.swift */,
			);
			name = "Data Provider";
			sourceTree = "<group>";
		};
		3AF9BF8B1EC8B6A40067F73F /* Data Provider */ = {
			isa = PBXGroup;
			children = (
				3ACD3B391E9BC81300713A04 /* MainDataProviderProtocol.swift */,
				3ACD3B3B1E9BF16C00713A04 /* MainDataProvider.swift */,
			);
			name = "Data Provider";
			sourceTree = "<group>";
		};
		3AFA078D1EEC5DAB00E4DC38 /* Container */ = {
			isa = PBXGroup;
			children = (
				3AF9BF8B1EC8B6A40067F73F /* Data Provider */,
				3AE1FB281D07B6F4001A6914 /* Cells */,
			);
			name = Container;
			sourceTree = "<group>";
		};
		3AFA07901EEC6F5E00E4DC38 /* New */ = {
			isa = PBXGroup;
			children = (
				3ABA10291EAD6F710002CECE /* Cells */,
				3AF9BF8A1EC8B6960067F73F /* Data Provider */,
				3ABA102C1EAE43D70002CECE /* AddListItemViewController.swift */,
			);
			name = New;
			sourceTree = "<group>";
		};
		3AFA07931EEC9EDE00E4DC38 /* New  */ = {
			isa = PBXGroup;
			children = (
				16B2F86A1F0A8E8B00885796 /* Cells */,
				3AFA07941EEC9EF000E4DC38 /* NewItemViewController.swift */,
				3A8EAE981FC06F1F0093764B /* NewItemViewModel.swift */,
			);
			name = "New ";
			sourceTree = "<group>";
		};
		86C4680F478BBB8D4CB0CC06 /* Pods */ = {
			isa = PBXGroup;
			children = (
				1013B789C613BC057034F848 /* Pods-AppFramework.debug.xcconfig */,
				03F7C3AEEFB3CF6758EE5B0C /* Pods-AppFramework.release.xcconfig */,
				25F454390EB9A01519FBB93D /* Pods-ListioTests.debug.xcconfig */,
				7B9156E5FD3513EF0A14B710 /* Pods-ListioTests.release.xcconfig */,
				6DAA796B74DF7877F38BBEF9 /* Pods-Prod.debug.xcconfig */,
				3AB8E78246845AE759DB025B /* Pods-Prod.release.xcconfig */,
			);
			name = Pods;
			sourceTree = "<group>";
		};
/* End PBXGroup section */

/* Begin PBXHeadersBuildPhase section */
		3ADF73D52054213400613F21 /* Headers */ = {
			isa = PBXHeadersBuildPhase;
			buildActionMask = 2147483647;
			files = (
				3ADF73DC2054213400613F21 /* AppFramework.h in Headers */,
			);
			runOnlyForDeploymentPostprocessing = 0;
		};
/* End PBXHeadersBuildPhase section */

/* Begin PBXNativeTarget section */
		3A975D4A1CFCC42200E400B3 /* Prod */ = {
			isa = PBXNativeTarget;
			buildConfigurationList = 3A975D6B1CFCC42200E400B3 /* Build configuration list for PBXNativeTarget "Prod" */;
			buildPhases = (
				A11D8DFDF0E3B120F577DDAD /* [CP] Check Pods Manifest.lock */,
				3A975D471CFCC42200E400B3 /* Sources */,
				3A975D481CFCC42200E400B3 /* Frameworks */,
				3A975D491CFCC42200E400B3 /* Resources */,
				3A3AB9881ED664AF0038ADF3 /* ShellScript */,
				3A09FD2F1F4CE591006E78DB /* Fabric Crashlytics */,
				3ADF73E42054213400613F21 /* Embed Frameworks */,
				DA0CD81124DFC012C71851D9 /* [CP] Embed Pods Frameworks */,
				60C88200036446C3A57EF312 /* [CP] Copy Pods Resources */,
			);
			buildRules = (
			);
			dependencies = (
				3ADF73DE2054213400613F21 /* PBXTargetDependency */,
			);
			name = Prod;
			productName = Listio;
			productReference = 3A975D4B1CFCC42200E400B3 /* Prod.app */;
			productType = "com.apple.product-type.application";
		};
		3A975D611CFCC42200E400B3 /* ListioTests */ = {
			isa = PBXNativeTarget;
			buildConfigurationList = 3A975D6E1CFCC42200E400B3 /* Build configuration list for PBXNativeTarget "ListioTests" */;
			buildPhases = (
				FC1571CB1763B16384468275 /* [CP] Check Pods Manifest.lock */,
				3A975D5E1CFCC42200E400B3 /* Sources */,
				3A975D5F1CFCC42200E400B3 /* Frameworks */,
				3A975D601CFCC42200E400B3 /* Resources */,
				E9633BDB5763A6CB2CEB2947 /* [CP] Embed Pods Frameworks */,
				A0F581734F646E517316DE3E /* [CP] Copy Pods Resources */,
			);
			buildRules = (
			);
			dependencies = (
				3A975D641CFCC42200E400B3 /* PBXTargetDependency */,
			);
			name = ListioTests;
			productName = ListioTests;
			productReference = 3A975D621CFCC42200E400B3 /* ListioTests.xctest */;
			productType = "com.apple.product-type.bundle.unit-test";
		};
		3ADF73D72054213400613F21 /* AppFramework */ = {
			isa = PBXNativeTarget;
			buildConfigurationList = 3ADF73E32054213400613F21 /* Build configuration list for PBXNativeTarget "AppFramework" */;
			buildPhases = (
				9FBE428787408906C2BEE971 /* [CP] Check Pods Manifest.lock */,
				3ADF73D32054213400613F21 /* Sources */,
				3ADF73D42054213400613F21 /* Frameworks */,
				3ADF73D52054213400613F21 /* Headers */,
				3ADF73D62054213400613F21 /* Resources */,
				3AB4ACF5804FD2E337E5D08B /* [CP] Copy Pods Resources */,
			);
			buildRules = (
			);
			dependencies = (
			);
			name = AppFramework;
			productName = AppFramework;
			productReference = 3ADF73D82054213400613F21 /* AppFramework.framework */;
			productType = "com.apple.product-type.framework";
		};
/* End PBXNativeTarget section */

/* Begin PBXProject section */
		3A975D431CFCC42200E400B3 /* Project object */ = {
			isa = PBXProject;
			attributes = {
				LastSwiftUpdateCheck = 0730;
				LastUpgradeCheck = 0920;
				ORGANIZATIONNAME = "Felipe Dias Pereira";
				TargetAttributes = {
					3A975D4A1CFCC42200E400B3 = {
						CreatedOnToolsVersion = 7.3;
						DevelopmentTeam = 439F5NHE7E;
						LastSwiftMigration = 0920;
						ProvisioningStyle = Automatic;
					};
					3A975D611CFCC42200E400B3 = {
						CreatedOnToolsVersion = 7.3;
						DevelopmentTeam = 439F5NHE7E;
						LastSwiftMigration = 0920;
						ProvisioningStyle = Automatic;
						TestTargetID = 3A975D4A1CFCC42200E400B3;
					};
					3ADF73D72054213400613F21 = {
						CreatedOnToolsVersion = 9.2;
						DevelopmentTeam = 439F5NHE7E;
						ProvisioningStyle = Automatic;
					};
				};
			};
			buildConfigurationList = 3A975D461CFCC42200E400B3 /* Build configuration list for PBXProject "Listio" */;
			compatibilityVersion = "Xcode 3.2";
			developmentRegion = English;
			hasScannedForEncodings = 0;
			knownRegions = (
				en,
				Base,
			);
			mainGroup = 3A975D421CFCC42200E400B3;
			productRefGroup = 3A975D4C1CFCC42200E400B3 /* Products */;
			projectDirPath = "";
			projectRoot = "";
			targets = (
				3A975D4A1CFCC42200E400B3 /* Prod */,
				3A975D611CFCC42200E400B3 /* ListioTests */,
				3ADF73D72054213400613F21 /* AppFramework */,
			);
		};
/* End PBXProject section */

/* Begin PBXResourcesBuildPhase section */
		3A975D491CFCC42200E400B3 /* Resources */ = {
			isa = PBXResourcesBuildPhase;
			buildActionMask = 2147483647;
			files = (
				3A975D5C1CFCC42200E400B3 /* LaunchScreen.storyboard in Resources */,
				3AE9D4061EB16AE1005A4665 /* Assets.xcassets in Resources */,
				3A975D541CFCC42200E400B3 /* Main.storyboard in Resources */,
			);
			runOnlyForDeploymentPostprocessing = 0;
		};
		3A975D601CFCC42200E400B3 /* Resources */ = {
			isa = PBXResourcesBuildPhase;
			buildActionMask = 2147483647;
			files = (
				3ACD3B4F1E9D251800713A04 /* receipt1.json in Resources */,
				3AD5027C1EA526C90071B975 /* receipt2.json in Resources */,
			);
			runOnlyForDeploymentPostprocessing = 0;
		};
		3ADF73D62054213400613F21 /* Resources */ = {
			isa = PBXResourcesBuildPhase;
			buildActionMask = 2147483647;
			files = (
			);
			runOnlyForDeploymentPostprocessing = 0;
		};
/* End PBXResourcesBuildPhase section */

/* Begin PBXShellScriptBuildPhase section */
		3A09FD2F1F4CE591006E78DB /* Fabric Crashlytics */ = {
			isa = PBXShellScriptBuildPhase;
			buildActionMask = 2147483647;
			files = (
			);
			inputPaths = (
			);
			name = "Fabric Crashlytics";
			outputPaths = (
			);
			runOnlyForDeploymentPostprocessing = 0;
			shellPath = /bin/sh;
			shellScript = "\"${PODS_ROOT}/Fabric/run\" 95a8a58b8f3071e2ea0de5c73d68bed05e4d993e ac7ead19c8a563dd60236d59c00302d0a1663e2bc6c9312494ac6c51b0019a9a";
		};
		3A3AB9881ED664AF0038ADF3 /* ShellScript */ = {
			isa = PBXShellScriptBuildPhase;
			buildActionMask = 2147483647;
			files = (
			);
			inputPaths = (
			);
			outputPaths = (
			);
			runOnlyForDeploymentPostprocessing = 0;
			shellPath = /bin/sh;
			shellScript = "\"${PODS_ROOT}/SwiftLint/swiftlint\"";
		};
		3AB4ACF5804FD2E337E5D08B /* [CP] Copy Pods Resources */ = {
			isa = PBXShellScriptBuildPhase;
			buildActionMask = 2147483647;
			files = (
			);
			inputPaths = (
			);
			name = "[CP] Copy Pods Resources";
			outputPaths = (
			);
			runOnlyForDeploymentPostprocessing = 0;
			shellPath = /bin/sh;
			shellScript = "\"${SRCROOT}/Pods/Target Support Files/Pods-AppFramework/Pods-AppFramework-resources.sh\"\n";
			showEnvVarsInLog = 0;
		};
		60C88200036446C3A57EF312 /* [CP] Copy Pods Resources */ = {
			isa = PBXShellScriptBuildPhase;
			buildActionMask = 2147483647;
			files = (
			);
			inputPaths = (
			);
			name = "[CP] Copy Pods Resources";
			outputPaths = (
			);
			runOnlyForDeploymentPostprocessing = 0;
			shellPath = /bin/sh;
			shellScript = "\"${SRCROOT}/Pods/Target Support Files/Pods-Prod/Pods-Prod-resources.sh\"\n";
			showEnvVarsInLog = 0;
		};
		9FBE428787408906C2BEE971 /* [CP] Check Pods Manifest.lock */ = {
			isa = PBXShellScriptBuildPhase;
			buildActionMask = 2147483647;
			files = (
			);
			inputPaths = (
				"${PODS_PODFILE_DIR_PATH}/Podfile.lock",
				"${PODS_ROOT}/Manifest.lock",
			);
			name = "[CP] Check Pods Manifest.lock";
			outputPaths = (
				"$(DERIVED_FILE_DIR)/Pods-AppFramework-checkManifestLockResult.txt",
			);
			runOnlyForDeploymentPostprocessing = 0;
			shellPath = /bin/sh;
			shellScript = "diff \"${PODS_PODFILE_DIR_PATH}/Podfile.lock\" \"${PODS_ROOT}/Manifest.lock\" > /dev/null\nif [ $? != 0 ] ; then\n    # print error to STDERR\n    echo \"error: The sandbox is not in sync with the Podfile.lock. Run 'pod install' or update your CocoaPods installation.\" >&2\n    exit 1\nfi\n# This output is used by Xcode 'outputs' to avoid re-running this script phase.\necho \"SUCCESS\" > \"${SCRIPT_OUTPUT_FILE_0}\"\n";
			showEnvVarsInLog = 0;
		};
		A0F581734F646E517316DE3E /* [CP] Copy Pods Resources */ = {
			isa = PBXShellScriptBuildPhase;
			buildActionMask = 2147483647;
			files = (
			);
			inputPaths = (
			);
			name = "[CP] Copy Pods Resources";
			outputPaths = (
			);
			runOnlyForDeploymentPostprocessing = 0;
			shellPath = /bin/sh;
			shellScript = "\"${SRCROOT}/Pods/Target Support Files/Pods-ListioTests/Pods-ListioTests-resources.sh\"\n";
			showEnvVarsInLog = 0;
		};
		A11D8DFDF0E3B120F577DDAD /* [CP] Check Pods Manifest.lock */ = {
			isa = PBXShellScriptBuildPhase;
			buildActionMask = 2147483647;
			files = (
			);
			inputPaths = (
				"${PODS_PODFILE_DIR_PATH}/Podfile.lock",
				"${PODS_ROOT}/Manifest.lock",
			);
			name = "[CP] Check Pods Manifest.lock";
			outputPaths = (
				"$(DERIVED_FILE_DIR)/Pods-Prod-checkManifestLockResult.txt",
			);
			runOnlyForDeploymentPostprocessing = 0;
			shellPath = /bin/sh;
			shellScript = "diff \"${PODS_PODFILE_DIR_PATH}/Podfile.lock\" \"${PODS_ROOT}/Manifest.lock\" > /dev/null\nif [ $? != 0 ] ; then\n    # print error to STDERR\n    echo \"error: The sandbox is not in sync with the Podfile.lock. Run 'pod install' or update your CocoaPods installation.\" >&2\n    exit 1\nfi\n# This output is used by Xcode 'outputs' to avoid re-running this script phase.\necho \"SUCCESS\" > \"${SCRIPT_OUTPUT_FILE_0}\"\n";
			showEnvVarsInLog = 0;
		};
		DA0CD81124DFC012C71851D9 /* [CP] Embed Pods Frameworks */ = {
			isa = PBXShellScriptBuildPhase;
			buildActionMask = 2147483647;
			files = (
			);
			inputPaths = (
				"${SRCROOT}/Pods/Target Support Files/Pods-Prod/Pods-Prod-frameworks.sh",
				"${BUILT_PRODUCTS_DIR}/ALCameraViewController/ALCameraViewController.framework",
				"${BUILT_PRODUCTS_DIR}/Alamofire/Alamofire.framework",
				"${BUILT_PRODUCTS_DIR}/DatePickerCell/DatePickerCell.framework",
				"${BUILT_PRODUCTS_DIR}/Floaty/Floaty.framework",
				"${BUILT_PRODUCTS_DIR}/JSONWebToken/JWT.framework",
				"${BUILT_PRODUCTS_DIR}/Keys/Keys.framework",
				"${BUILT_PRODUCTS_DIR}/Kingfisher/Kingfisher.framework",
				"${BUILT_PRODUCTS_DIR}/ObjectMapper/ObjectMapper.framework",
				"${BUILT_PRODUCTS_DIR}/ObjectMapper+Realm/ObjectMapper_Realm.framework",
				"${BUILT_PRODUCTS_DIR}/QRCodeReader.swift/QRCodeReader.framework",
				"${BUILT_PRODUCTS_DIR}/Realm/Realm.framework",
				"${BUILT_PRODUCTS_DIR}/RealmSwift/RealmSwift.framework",
				"${BUILT_PRODUCTS_DIR}/SVProgressHUD/SVProgressHUD.framework",
				"${BUILT_PRODUCTS_DIR}/SnapKit/SnapKit.framework",
				"${BUILT_PRODUCTS_DIR}/StringScore_Swift/StringScore_Swift.framework",
			);
			name = "[CP] Embed Pods Frameworks";
			outputPaths = (
				"${TARGET_BUILD_DIR}/${FRAMEWORKS_FOLDER_PATH}/ALCameraViewController.framework",
				"${TARGET_BUILD_DIR}/${FRAMEWORKS_FOLDER_PATH}/Alamofire.framework",
				"${TARGET_BUILD_DIR}/${FRAMEWORKS_FOLDER_PATH}/DatePickerCell.framework",
				"${TARGET_BUILD_DIR}/${FRAMEWORKS_FOLDER_PATH}/Floaty.framework",
				"${TARGET_BUILD_DIR}/${FRAMEWORKS_FOLDER_PATH}/JWT.framework",
				"${TARGET_BUILD_DIR}/${FRAMEWORKS_FOLDER_PATH}/Keys.framework",
				"${TARGET_BUILD_DIR}/${FRAMEWORKS_FOLDER_PATH}/Kingfisher.framework",
				"${TARGET_BUILD_DIR}/${FRAMEWORKS_FOLDER_PATH}/ObjectMapper.framework",
				"${TARGET_BUILD_DIR}/${FRAMEWORKS_FOLDER_PATH}/ObjectMapper_Realm.framework",
				"${TARGET_BUILD_DIR}/${FRAMEWORKS_FOLDER_PATH}/QRCodeReader.framework",
				"${TARGET_BUILD_DIR}/${FRAMEWORKS_FOLDER_PATH}/Realm.framework",
				"${TARGET_BUILD_DIR}/${FRAMEWORKS_FOLDER_PATH}/RealmSwift.framework",
				"${TARGET_BUILD_DIR}/${FRAMEWORKS_FOLDER_PATH}/SVProgressHUD.framework",
				"${TARGET_BUILD_DIR}/${FRAMEWORKS_FOLDER_PATH}/SnapKit.framework",
				"${TARGET_BUILD_DIR}/${FRAMEWORKS_FOLDER_PATH}/StringScore_Swift.framework",
			);
			runOnlyForDeploymentPostprocessing = 0;
			shellPath = /bin/sh;
			shellScript = "\"${SRCROOT}/Pods/Target Support Files/Pods-Prod/Pods-Prod-frameworks.sh\"\n";
			showEnvVarsInLog = 0;
		};
		E9633BDB5763A6CB2CEB2947 /* [CP] Embed Pods Frameworks */ = {
			isa = PBXShellScriptBuildPhase;
			buildActionMask = 2147483647;
			files = (
			);
			inputPaths = (
				"${SRCROOT}/Pods/Target Support Files/Pods-ListioTests/Pods-ListioTests-frameworks.sh",
				"${BUILT_PRODUCTS_DIR}/ALCameraViewController/ALCameraViewController.framework",
				"${BUILT_PRODUCTS_DIR}/Alamofire/Alamofire.framework",
				"${BUILT_PRODUCTS_DIR}/DatePickerCell/DatePickerCell.framework",
				"${BUILT_PRODUCTS_DIR}/Floaty/Floaty.framework",
				"${BUILT_PRODUCTS_DIR}/JSONWebToken/JWT.framework",
				"${BUILT_PRODUCTS_DIR}/Keys/Keys.framework",
				"${BUILT_PRODUCTS_DIR}/Kingfisher/Kingfisher.framework",
				"${BUILT_PRODUCTS_DIR}/ObjectMapper/ObjectMapper.framework",
				"${BUILT_PRODUCTS_DIR}/ObjectMapper+Realm/ObjectMapper_Realm.framework",
				"${BUILT_PRODUCTS_DIR}/QRCodeReader.swift/QRCodeReader.framework",
				"${BUILT_PRODUCTS_DIR}/Realm/Realm.framework",
				"${BUILT_PRODUCTS_DIR}/RealmSwift/RealmSwift.framework",
				"${BUILT_PRODUCTS_DIR}/SVProgressHUD/SVProgressHUD.framework",
				"${BUILT_PRODUCTS_DIR}/SnapKit/SnapKit.framework",
				"${BUILT_PRODUCTS_DIR}/StringScore_Swift/StringScore_Swift.framework",
			);
			name = "[CP] Embed Pods Frameworks";
			outputPaths = (
				"${TARGET_BUILD_DIR}/${FRAMEWORKS_FOLDER_PATH}/ALCameraViewController.framework",
				"${TARGET_BUILD_DIR}/${FRAMEWORKS_FOLDER_PATH}/Alamofire.framework",
				"${TARGET_BUILD_DIR}/${FRAMEWORKS_FOLDER_PATH}/DatePickerCell.framework",
				"${TARGET_BUILD_DIR}/${FRAMEWORKS_FOLDER_PATH}/Floaty.framework",
				"${TARGET_BUILD_DIR}/${FRAMEWORKS_FOLDER_PATH}/JWT.framework",
				"${TARGET_BUILD_DIR}/${FRAMEWORKS_FOLDER_PATH}/Keys.framework",
				"${TARGET_BUILD_DIR}/${FRAMEWORKS_FOLDER_PATH}/Kingfisher.framework",
				"${TARGET_BUILD_DIR}/${FRAMEWORKS_FOLDER_PATH}/ObjectMapper.framework",
				"${TARGET_BUILD_DIR}/${FRAMEWORKS_FOLDER_PATH}/ObjectMapper_Realm.framework",
				"${TARGET_BUILD_DIR}/${FRAMEWORKS_FOLDER_PATH}/QRCodeReader.framework",
				"${TARGET_BUILD_DIR}/${FRAMEWORKS_FOLDER_PATH}/Realm.framework",
				"${TARGET_BUILD_DIR}/${FRAMEWORKS_FOLDER_PATH}/RealmSwift.framework",
				"${TARGET_BUILD_DIR}/${FRAMEWORKS_FOLDER_PATH}/SVProgressHUD.framework",
				"${TARGET_BUILD_DIR}/${FRAMEWORKS_FOLDER_PATH}/SnapKit.framework",
				"${TARGET_BUILD_DIR}/${FRAMEWORKS_FOLDER_PATH}/StringScore_Swift.framework",
			);
			runOnlyForDeploymentPostprocessing = 0;
			shellPath = /bin/sh;
			shellScript = "\"${SRCROOT}/Pods/Target Support Files/Pods-ListioTests/Pods-ListioTests-frameworks.sh\"\n";
			showEnvVarsInLog = 0;
		};
		FC1571CB1763B16384468275 /* [CP] Check Pods Manifest.lock */ = {
			isa = PBXShellScriptBuildPhase;
			buildActionMask = 2147483647;
			files = (
			);
			inputPaths = (
				"${PODS_PODFILE_DIR_PATH}/Podfile.lock",
				"${PODS_ROOT}/Manifest.lock",
			);
			name = "[CP] Check Pods Manifest.lock";
			outputPaths = (
				"$(DERIVED_FILE_DIR)/Pods-ListioTests-checkManifestLockResult.txt",
			);
			runOnlyForDeploymentPostprocessing = 0;
			shellPath = /bin/sh;
			shellScript = "diff \"${PODS_PODFILE_DIR_PATH}/Podfile.lock\" \"${PODS_ROOT}/Manifest.lock\" > /dev/null\nif [ $? != 0 ] ; then\n    # print error to STDERR\n    echo \"error: The sandbox is not in sync with the Podfile.lock. Run 'pod install' or update your CocoaPods installation.\" >&2\n    exit 1\nfi\n# This output is used by Xcode 'outputs' to avoid re-running this script phase.\necho \"SUCCESS\" > \"${SCRIPT_OUTPUT_FILE_0}\"\n";
			showEnvVarsInLog = 0;
		};
/* End PBXShellScriptBuildPhase section */

/* Begin PBXSourcesBuildPhase section */
		3A975D471CFCC42200E400B3 /* Sources */ = {
			isa = PBXSourcesBuildPhase;
			buildActionMask = 2147483647;
			files = (
				3AE8D2F51E8B0B30006CA297 /* Receipt.swift in Sources */,
				3AE647AE1F6D6568007E321B /* ItemViewController.swift in Sources */,
				3A09FD2C1F4682B8006E78DB /* Item.swift in Sources */,
				3A975D4F1CFCC42200E400B3 /* AppDelegate.swift in Sources */,
				3ABA102B1EAD6F860002CECE /* AddListItemTableViewCell.swift in Sources */,
				3A8E3E741F3F820200434A37 /* Constants.swift in Sources */,
				3AB069741FC04D8A000D7BD0 /* ItemViewModel.swift in Sources */,
				3ABA10281EAD66860002CECE /* AddListItemDataProvider.swift in Sources */,
				3AB121EB1F3744A10042C2A9 /* AlertProvider.swift in Sources */,
				3AFA07951EEC9EF000E4DC38 /* NewItemViewController.swift in Sources */,
				3ACD3B431E9D121000713A04 /* APICommunicatorProtocol.swift in Sources */,
				3AD02D101E88056D00B4CAD5 /* APICommunicator.swift in Sources */,
				3ACD9C7A1FADD1FB004FB6BF /* DatabaseManager.swift in Sources */,
				3A8EAE991FC06F1F0093764B /* NewItemViewModel.swift in Sources */,
				3A9D64711D027082002369A4 /* Extensions.swift in Sources */,
				3ACD3B3A1E9BC81300713A04 /* MainDataProviderProtocol.swift in Sources */,
				3ABA10261EAD62D20002CECE /* AddListItemDataProviderProtocol.swift in Sources */,
				3ACD3B3C1E9BF16C00713A04 /* MainDataProvider.swift in Sources */,
				3ABA102D1EAE43D70002CECE /* AddListItemViewController.swift in Sources */,
				3AE233341CFE11B000656969 /* MainViewController.swift in Sources */,
				3AEABFF61F2E942D006FFAFB /* CurrencyField.swift in Sources */,
				3AE1FB2A1D07B71E001A6914 /* MainTableViewCell.swift in Sources */,
			);
			runOnlyForDeploymentPostprocessing = 0;
		};
		3A975D5E1CFCC42200E400B3 /* Sources */ = {
			isa = PBXSourcesBuildPhase;
			buildActionMask = 2147483647;
			files = (
				3ACD3B3E1E9BF5BB00713A04 /* ExtensionsTest.swift in Sources */,
				3AE9D4021EB0D6EF005A4665 /* AddListItemControllerTest.swift in Sources */,
				3AD5027A1EA4F9A10071B975 /* APICommunicatorTest.swift in Sources */,
			);
			runOnlyForDeploymentPostprocessing = 0;
		};
		3ADF73D32054213400613F21 /* Sources */ = {
			isa = PBXSourcesBuildPhase;
			buildActionMask = 2147483647;
			files = (
			);
			runOnlyForDeploymentPostprocessing = 0;
		};
/* End PBXSourcesBuildPhase section */

/* Begin PBXTargetDependency section */
		3A975D641CFCC42200E400B3 /* PBXTargetDependency */ = {
			isa = PBXTargetDependency;
			target = 3A975D4A1CFCC42200E400B3 /* Prod */;
			targetProxy = 3A975D631CFCC42200E400B3 /* PBXContainerItemProxy */;
		};
		3ADF73DE2054213400613F21 /* PBXTargetDependency */ = {
			isa = PBXTargetDependency;
			target = 3ADF73D72054213400613F21 /* AppFramework */;
			targetProxy = 3ADF73DD2054213400613F21 /* PBXContainerItemProxy */;
		};
/* End PBXTargetDependency section */

/* Begin PBXVariantGroup section */
		3A975D521CFCC42200E400B3 /* Main.storyboard */ = {
			isa = PBXVariantGroup;
			children = (
				3A975D531CFCC42200E400B3 /* Base */,
			);
			name = Main.storyboard;
			sourceTree = "<group>";
		};
		3A975D5A1CFCC42200E400B3 /* LaunchScreen.storyboard */ = {
			isa = PBXVariantGroup;
			children = (
				3A975D5B1CFCC42200E400B3 /* Base */,
			);
			name = LaunchScreen.storyboard;
			sourceTree = "<group>";
		};
/* End PBXVariantGroup section */

/* Begin XCBuildConfiguration section */
		3A975D691CFCC42200E400B3 /* Debug */ = {
			isa = XCBuildConfiguration;
			buildSettings = {
				ALWAYS_SEARCH_USER_PATHS = NO;
				CLANG_ANALYZER_NONNULL = YES;
				CLANG_CXX_LANGUAGE_STANDARD = "gnu++0x";
				CLANG_CXX_LIBRARY = "libc++";
				CLANG_ENABLE_MODULES = YES;
				CLANG_ENABLE_OBJC_ARC = YES;
				CLANG_WARN_BLOCK_CAPTURE_AUTORELEASING = YES;
				CLANG_WARN_BOOL_CONVERSION = YES;
				CLANG_WARN_COMMA = YES;
				CLANG_WARN_CONSTANT_CONVERSION = YES;
				CLANG_WARN_DIRECT_OBJC_ISA_USAGE = YES_ERROR;
				CLANG_WARN_EMPTY_BODY = YES;
				CLANG_WARN_ENUM_CONVERSION = YES;
				CLANG_WARN_INFINITE_RECURSION = YES;
				CLANG_WARN_INT_CONVERSION = YES;
				CLANG_WARN_NON_LITERAL_NULL_CONVERSION = YES;
				CLANG_WARN_OBJC_LITERAL_CONVERSION = YES;
				CLANG_WARN_OBJC_ROOT_CLASS = YES_ERROR;
				CLANG_WARN_RANGE_LOOP_ANALYSIS = YES;
				CLANG_WARN_STRICT_PROTOTYPES = YES;
				CLANG_WARN_SUSPICIOUS_MOVE = YES;
				CLANG_WARN_UNREACHABLE_CODE = YES;
				CLANG_WARN__DUPLICATE_METHOD_MATCH = YES;
				"CODE_SIGN_IDENTITY[sdk=iphoneos*]" = "iPhone Developer";
				COPY_PHASE_STRIP = NO;
				DEBUG_INFORMATION_FORMAT = dwarf;
				ENABLE_STRICT_OBJC_MSGSEND = YES;
				ENABLE_TESTABILITY = YES;
				GCC_C_LANGUAGE_STANDARD = gnu99;
				GCC_DYNAMIC_NO_PIC = NO;
				GCC_NO_COMMON_BLOCKS = YES;
				GCC_OPTIMIZATION_LEVEL = 0;
				GCC_PREPROCESSOR_DEFINITIONS = (
					"DEBUG=1",
					"$(inherited)",
				);
				GCC_WARN_64_TO_32_BIT_CONVERSION = YES;
				GCC_WARN_ABOUT_RETURN_TYPE = YES_ERROR;
				GCC_WARN_UNDECLARED_SELECTOR = YES;
				GCC_WARN_UNINITIALIZED_AUTOS = YES_AGGRESSIVE;
				GCC_WARN_UNUSED_FUNCTION = YES;
				GCC_WARN_UNUSED_VARIABLE = YES;
				IPHONEOS_DEPLOYMENT_TARGET = 9.3;
				MTL_ENABLE_DEBUG_INFO = YES;
				ONLY_ACTIVE_ARCH = YES;
				SDKROOT = iphoneos;
				SWIFT_OPTIMIZATION_LEVEL = "-Onone";
			};
			name = Debug;
		};
		3A975D6A1CFCC42200E400B3 /* Release */ = {
			isa = XCBuildConfiguration;
			buildSettings = {
				ALWAYS_SEARCH_USER_PATHS = NO;
				CLANG_ANALYZER_NONNULL = YES;
				CLANG_CXX_LANGUAGE_STANDARD = "gnu++0x";
				CLANG_CXX_LIBRARY = "libc++";
				CLANG_ENABLE_MODULES = YES;
				CLANG_ENABLE_OBJC_ARC = YES;
				CLANG_WARN_BLOCK_CAPTURE_AUTORELEASING = YES;
				CLANG_WARN_BOOL_CONVERSION = YES;
				CLANG_WARN_COMMA = YES;
				CLANG_WARN_CONSTANT_CONVERSION = YES;
				CLANG_WARN_DIRECT_OBJC_ISA_USAGE = YES_ERROR;
				CLANG_WARN_EMPTY_BODY = YES;
				CLANG_WARN_ENUM_CONVERSION = YES;
				CLANG_WARN_INFINITE_RECURSION = YES;
				CLANG_WARN_INT_CONVERSION = YES;
				CLANG_WARN_NON_LITERAL_NULL_CONVERSION = YES;
				CLANG_WARN_OBJC_LITERAL_CONVERSION = YES;
				CLANG_WARN_OBJC_ROOT_CLASS = YES_ERROR;
				CLANG_WARN_RANGE_LOOP_ANALYSIS = YES;
				CLANG_WARN_STRICT_PROTOTYPES = YES;
				CLANG_WARN_SUSPICIOUS_MOVE = YES;
				CLANG_WARN_UNREACHABLE_CODE = YES;
				CLANG_WARN__DUPLICATE_METHOD_MATCH = YES;
				"CODE_SIGN_IDENTITY[sdk=iphoneos*]" = "iPhone Developer";
				COPY_PHASE_STRIP = NO;
				DEBUG_INFORMATION_FORMAT = "dwarf-with-dsym";
				ENABLE_NS_ASSERTIONS = NO;
				ENABLE_STRICT_OBJC_MSGSEND = YES;
				GCC_C_LANGUAGE_STANDARD = gnu99;
				GCC_NO_COMMON_BLOCKS = YES;
				GCC_WARN_64_TO_32_BIT_CONVERSION = YES;
				GCC_WARN_ABOUT_RETURN_TYPE = YES_ERROR;
				GCC_WARN_UNDECLARED_SELECTOR = YES;
				GCC_WARN_UNINITIALIZED_AUTOS = YES_AGGRESSIVE;
				GCC_WARN_UNUSED_FUNCTION = YES;
				GCC_WARN_UNUSED_VARIABLE = YES;
				IPHONEOS_DEPLOYMENT_TARGET = 9.3;
				MTL_ENABLE_DEBUG_INFO = NO;
				SDKROOT = iphoneos;
				SWIFT_OPTIMIZATION_LEVEL = "-Owholemodule";
				VALIDATE_PRODUCT = YES;
			};
			name = Release;
		};
		3A975D6C1CFCC42200E400B3 /* Debug */ = {
			isa = XCBuildConfiguration;
			baseConfigurationReference = 6DAA796B74DF7877F38BBEF9 /* Pods-Prod.debug.xcconfig */;
			buildSettings = {
				ASSETCATALOG_COMPILER_APPICON_NAME = AppIcon;
				CLANG_ENABLE_MODULES = YES;
				CODE_SIGN_IDENTITY = "iPhone Developer: Felipe Dias Pereira (4ESLPZ55NB)";
				"CODE_SIGN_IDENTITY[sdk=iphoneos*]" = "iPhone Developer";
				CODE_SIGN_STYLE = Automatic;
				DEBUG_INFORMATION_FORMAT = "dwarf-with-dsym";
				DEFINES_MODULE = YES;
				DEVELOPMENT_TEAM = "";
				GCC_PREPROCESSOR_DEFINITIONS = (
					"$(inherited)",
					"COCOAPODS=1",
					"HML=0",
				);
				INFOPLIST_FILE = Listio/Info.plist;
				IPHONEOS_DEPLOYMENT_TARGET = 9.0;
				LD_RUNPATH_SEARCH_PATHS = "$(inherited) @executable_path/Frameworks";
				OTHER_SWIFT_FLAGS = "$(inherited) \"-D\" \"COCOAPODS\"";
				PRODUCT_BUNDLE_IDENTIFIER = com.felipep.Listio;
				PRODUCT_NAME = "$(TARGET_NAME)";
				PROVISIONING_PROFILE = "";
				PROVISIONING_PROFILE_SPECIFIER = "";
				SWIFT_OPTIMIZATION_LEVEL = "-Onone";
				SWIFT_SWIFT3_OBJC_INFERENCE = On;
				SWIFT_VERSION = 4.0;
			};
			name = Debug;
		};
		3A975D6D1CFCC42200E400B3 /* Release */ = {
			isa = XCBuildConfiguration;
			baseConfigurationReference = 3AB8E78246845AE759DB025B /* Pods-Prod.release.xcconfig */;
			buildSettings = {
				ASSETCATALOG_COMPILER_APPICON_NAME = AppIcon;
				CLANG_ENABLE_MODULES = YES;
				CODE_SIGN_IDENTITY = "iPhone Distribution: Felipe Pereira (439F5NHE7E)";
				"CODE_SIGN_IDENTITY[sdk=iphoneos*]" = "iPhone Developer";
				CODE_SIGN_STYLE = Automatic;
				DEFINES_MODULE = YES;
				DEVELOPMENT_TEAM = "";
				INFOPLIST_FILE = Listio/Info.plist;
				IPHONEOS_DEPLOYMENT_TARGET = 9.0;
				LD_RUNPATH_SEARCH_PATHS = "$(inherited) @executable_path/Frameworks";
				OTHER_SWIFT_FLAGS = "$(inherited) \"-D\" \"COCOAPODS\"";
				PRODUCT_BUNDLE_IDENTIFIER = com.felipep.Listio;
				PRODUCT_NAME = "$(TARGET_NAME)";
				PROVISIONING_PROFILE = "";
				PROVISIONING_PROFILE_SPECIFIER = "";
				SWIFT_SWIFT3_OBJC_INFERENCE = On;
				SWIFT_VERSION = 4.0;
			};
			name = Release;
		};
		3A975D6F1CFCC42200E400B3 /* Debug */ = {
			isa = XCBuildConfiguration;
			baseConfigurationReference = 25F454390EB9A01519FBB93D /* Pods-ListioTests.debug.xcconfig */;
			buildSettings = {
				BUNDLE_LOADER = "$(TEST_HOST)";
				"CODE_SIGN_IDENTITY[sdk=iphoneos*]" = "iPhone Developer";
				DEVELOPMENT_TEAM = 439F5NHE7E;
				INFOPLIST_FILE = ListioTests/Info.plist;
				LD_RUNPATH_SEARCH_PATHS = "$(inherited) @executable_path/Frameworks @loader_path/Frameworks";
				PRODUCT_BUNDLE_IDENTIFIER = felipep.com.ListioTests;
				PRODUCT_NAME = "$(TARGET_NAME)";
				PROVISIONING_PROFILE_SPECIFIER = "";
				SWIFT_SWIFT3_OBJC_INFERENCE = On;
				SWIFT_VERSION = 4.0;
				TEST_HOST = "$(BUILT_PRODUCTS_DIR)/Prod.app/Prod";
			};
			name = Debug;
		};
		3A975D701CFCC42200E400B3 /* Release */ = {
			isa = XCBuildConfiguration;
			baseConfigurationReference = 7B9156E5FD3513EF0A14B710 /* Pods-ListioTests.release.xcconfig */;
			buildSettings = {
				BUNDLE_LOADER = "$(TEST_HOST)";
				"CODE_SIGN_IDENTITY[sdk=iphoneos*]" = "iPhone Developer";
				DEVELOPMENT_TEAM = 439F5NHE7E;
				INFOPLIST_FILE = ListioTests/Info.plist;
				LD_RUNPATH_SEARCH_PATHS = "$(inherited) @executable_path/Frameworks @loader_path/Frameworks";
				PRODUCT_BUNDLE_IDENTIFIER = felipep.com.ListioTests;
				PRODUCT_NAME = "$(TARGET_NAME)";
				PROVISIONING_PROFILE_SPECIFIER = "";
				SWIFT_SWIFT3_OBJC_INFERENCE = On;
				SWIFT_VERSION = 4.0;
				TEST_HOST = "$(BUILT_PRODUCTS_DIR)/Prod.app/Prod";
			};
			name = Release;
		};
		3ADF73E12054213400613F21 /* Debug */ = {
			isa = XCBuildConfiguration;
			baseConfigurationReference = 1013B789C613BC057034F848 /* Pods-AppFramework.debug.xcconfig */;
			buildSettings = {
				CLANG_ANALYZER_NUMBER_OBJECT_CONVERSION = YES_AGGRESSIVE;
				CLANG_CXX_LANGUAGE_STANDARD = "gnu++14";
				CLANG_WARN_BLOCK_CAPTURE_AUTORELEASING = YES;
				CLANG_WARN_COMMA = YES;
				CLANG_WARN_DOCUMENTATION_COMMENTS = YES;
				CLANG_WARN_NON_LITERAL_NULL_CONVERSION = YES;
				CLANG_WARN_OBJC_LITERAL_CONVERSION = YES;
				CLANG_WARN_RANGE_LOOP_ANALYSIS = YES;
				CLANG_WARN_STRICT_PROTOTYPES = YES;
				CLANG_WARN_UNGUARDED_AVAILABILITY = YES_AGGRESSIVE;
				CODE_SIGN_IDENTITY = "iPhone Developer: Felipe Dias Pereira (4ESLPZ55NB)";
				"CODE_SIGN_IDENTITY[sdk=iphoneos*]" = "";
				CODE_SIGN_STYLE = Automatic;
				CURRENT_PROJECT_VERSION = 1;
				DEFINES_MODULE = YES;
				DEVELOPMENT_TEAM = 439F5NHE7E;
				DYLIB_COMPATIBILITY_VERSION = 1;
				DYLIB_CURRENT_VERSION = 1;
				DYLIB_INSTALL_NAME_BASE = "@rpath";
				GCC_C_LANGUAGE_STANDARD = gnu11;
				INFOPLIST_FILE = AppFramework/Info.plist;
				INSTALL_PATH = "$(LOCAL_LIBRARY_DIR)/Frameworks";
				IPHONEOS_DEPLOYMENT_TARGET = 11.2;
				LD_RUNPATH_SEARCH_PATHS = "$(inherited) @executable_path/Frameworks @loader_path/Frameworks";
				PRODUCT_BUNDLE_IDENTIFIER = br.com.taglivros.AppFramework;
				PRODUCT_NAME = "$(TARGET_NAME:c99extidentifier)";
				SKIP_INSTALL = YES;
				SWIFT_ACTIVE_COMPILATION_CONDITIONS = DEBUG;
				SWIFT_VERSION = 4.0;
				TARGETED_DEVICE_FAMILY = "1,2";
				VERSIONING_SYSTEM = "apple-generic";
				VERSION_INFO_PREFIX = "";
			};
			name = Debug;
		};
		3ADF73E22054213400613F21 /* Release */ = {
			isa = XCBuildConfiguration;
			baseConfigurationReference = 03F7C3AEEFB3CF6758EE5B0C /* Pods-AppFramework.release.xcconfig */;
			buildSettings = {
				CLANG_ANALYZER_NUMBER_OBJECT_CONVERSION = YES_AGGRESSIVE;
				CLANG_CXX_LANGUAGE_STANDARD = "gnu++14";
				CLANG_WARN_BLOCK_CAPTURE_AUTORELEASING = YES;
				CLANG_WARN_COMMA = YES;
				CLANG_WARN_DOCUMENTATION_COMMENTS = YES;
				CLANG_WARN_NON_LITERAL_NULL_CONVERSION = YES;
				CLANG_WARN_OBJC_LITERAL_CONVERSION = YES;
				CLANG_WARN_RANGE_LOOP_ANALYSIS = YES;
				CLANG_WARN_STRICT_PROTOTYPES = YES;
				CLANG_WARN_UNGUARDED_AVAILABILITY = YES_AGGRESSIVE;
				CODE_SIGN_IDENTITY = "iPhone Distribution: Felipe Pereira (439F5NHE7E)";
				"CODE_SIGN_IDENTITY[sdk=iphoneos*]" = "";
				CODE_SIGN_STYLE = Automatic;
				CURRENT_PROJECT_VERSION = 1;
				DEFINES_MODULE = YES;
				DEVELOPMENT_TEAM = 439F5NHE7E;
				DYLIB_COMPATIBILITY_VERSION = 1;
				DYLIB_CURRENT_VERSION = 1;
				DYLIB_INSTALL_NAME_BASE = "@rpath";
				GCC_C_LANGUAGE_STANDARD = gnu11;
				INFOPLIST_FILE = AppFramework/Info.plist;
				INSTALL_PATH = "$(LOCAL_LIBRARY_DIR)/Frameworks";
				IPHONEOS_DEPLOYMENT_TARGET = 11.2;
				LD_RUNPATH_SEARCH_PATHS = "$(inherited) @executable_path/Frameworks @loader_path/Frameworks";
				PRODUCT_BUNDLE_IDENTIFIER = br.com.taglivros.AppFramework;
				PRODUCT_NAME = "$(TARGET_NAME:c99extidentifier)";
				SKIP_INSTALL = YES;
				SWIFT_VERSION = 4.0;
				TARGETED_DEVICE_FAMILY = "1,2";
				VERSIONING_SYSTEM = "apple-generic";
				VERSION_INFO_PREFIX = "";
			};
			name = Release;
		};
/* End XCBuildConfiguration section */

/* Begin XCConfigurationList section */
		3A975D461CFCC42200E400B3 /* Build configuration list for PBXProject "Listio" */ = {
			isa = XCConfigurationList;
			buildConfigurations = (
				3A975D691CFCC42200E400B3 /* Debug */,
				3A975D6A1CFCC42200E400B3 /* Release */,
			);
			defaultConfigurationIsVisible = 0;
			defaultConfigurationName = Release;
		};
		3A975D6B1CFCC42200E400B3 /* Build configuration list for PBXNativeTarget "Prod" */ = {
			isa = XCConfigurationList;
			buildConfigurations = (
				3A975D6C1CFCC42200E400B3 /* Debug */,
				3A975D6D1CFCC42200E400B3 /* Release */,
			);
			defaultConfigurationIsVisible = 0;
			defaultConfigurationName = Release;
		};
		3A975D6E1CFCC42200E400B3 /* Build configuration list for PBXNativeTarget "ListioTests" */ = {
			isa = XCConfigurationList;
			buildConfigurations = (
				3A975D6F1CFCC42200E400B3 /* Debug */,
				3A975D701CFCC42200E400B3 /* Release */,
			);
			defaultConfigurationIsVisible = 0;
			defaultConfigurationName = Release;
		};
		3ADF73E32054213400613F21 /* Build configuration list for PBXNativeTarget "AppFramework" */ = {
			isa = XCConfigurationList;
			buildConfigurations = (
				3ADF73E12054213400613F21 /* Debug */,
				3ADF73E22054213400613F21 /* Release */,
			);
			defaultConfigurationIsVisible = 0;
			defaultConfigurationName = Release;
		};
/* End XCConfigurationList section */
	};
	rootObject = 3A975D431CFCC42200E400B3 /* Project object */;
}
